// !$*UTF8*$!
{
	archiveVersion = 1;
	classes = {
	};
	objectVersion = 46;
	objects = {

/* Begin PBXBuildFile section */
		71F9D29A1E09050A0036DC60 /* main.m in Sources */ = {isa = PBXBuildFile; fileRef = 71F9D2991E09050A0036DC60 /* main.m */; };
		71F9D29D1E09050A0036DC60 /* AppDelegate.m in Sources */ = {isa = PBXBuildFile; fileRef = 71F9D29C1E09050A0036DC60 /* AppDelegate.m */; };
		71F9D2A01E09050A0036DC60 /* ViewController.m in Sources */ = {isa = PBXBuildFile; fileRef = 71F9D29F1E09050A0036DC60 /* ViewController.m */; };
		71F9D2A31E09050A0036DC60 /* Main.storyboard in Resources */ = {isa = PBXBuildFile; fileRef = 71F9D2A11E09050A0036DC60 /* Main.storyboard */; };
		71F9D2A51E09050A0036DC60 /* Assets.xcassets in Resources */ = {isa = PBXBuildFile; fileRef = 71F9D2A41E09050A0036DC60 /* Assets.xcassets */; };
		71F9D2A81E09050A0036DC60 /* LaunchScreen.storyboard in Resources */ = {isa = PBXBuildFile; fileRef = 71F9D2A61E09050A0036DC60 /* LaunchScreen.storyboard */; };
		71F9D2B31E09050A0036DC60 /* ex2_1_2Tests.m in Sources */ = {isa = PBXBuildFile; fileRef = 71F9D2B21E09050A0036DC60 /* ex2_1_2Tests.m */; };
		71F9D2BE1E09050A0036DC60 /* ex2_1_2UITests.m in Sources */ = {isa = PBXBuildFile; fileRef = 71F9D2BD1E09050A0036DC60 /* ex2_1_2UITests.m */; };
		71F9D2CC1E0905C40036DC60 /* Image.xcassets in Resources */ = {isa = PBXBuildFile; fileRef = 71F9D2CB1E0905C40036DC60 /* Image.xcassets */; };
/* End PBXBuildFile section */

/* Begin PBXContainerItemProxy section */
		71F9D2AF1E09050A0036DC60 /* PBXContainerItemProxy */ = {
			isa = PBXContainerItemProxy;
			containerPortal = 71F9D28D1E09050A0036DC60 /* Project object */;
			proxyType = 1;
			remoteGlobalIDString = 71F9D2941E09050A0036DC60;
			remoteInfo = "ex2-1-2";
		};
		71F9D2BA1E09050A0036DC60 /* PBXContainerItemProxy */ = {
			isa = PBXContainerItemProxy;
			containerPortal = 71F9D28D1E09050A0036DC60 /* Project object */;
			proxyType = 1;
			remoteGlobalIDString = 71F9D2941E09050A0036DC60;
			remoteInfo = "ex2-1-2";
		};
/* End PBXContainerItemProxy section */

/* Begin PBXFileReference section */
		71F9D2951E09050A0036DC60 /* ex2-1-2.app */ = {isa = PBXFileReference; explicitFileType = wrapper.application; includeInIndex = 0; path = "ex2-1-2.app"; sourceTree = BUILT_PRODUCTS_DIR; };
		71F9D2991E09050A0036DC60 /* main.m */ = {isa = PBXFileReference; lastKnownFileType = sourcecode.c.objc; path = main.m; sourceTree = "<group>"; };
		71F9D29B1E09050A0036DC60 /* AppDelegate.h */ = {isa = PBXFileReference; lastKnownFileType = sourcecode.c.h; path = AppDelegate.h; sourceTree = "<group>"; };
		71F9D29C1E09050A0036DC60 /* AppDelegate.m */ = {isa = PBXFileReference; lastKnownFileType = sourcecode.c.objc; path = AppDelegate.m; sourceTree = "<group>"; };
		71F9D29E1E09050A0036DC60 /* ViewController.h */ = {isa = PBXFileReference; lastKnownFileType = sourcecode.c.h; path = ViewController.h; sourceTree = "<group>"; };
		71F9D29F1E09050A0036DC60 /* ViewController.m */ = {isa = PBXFileReference; lastKnownFileType = sourcecode.c.objc; path = ViewController.m; sourceTree = "<group>"; };
		71F9D2A21E09050A0036DC60 /* Base */ = {isa = PBXFileReference; lastKnownFileType = file.storyboard; name = Base; path = Base.lproj/Main.storyboard; sourceTree = "<group>"; };
		71F9D2A41E09050A0036DC60 /* Assets.xcassets */ = {isa = PBXFileReference; lastKnownFileType = folder.assetcatalog; path = Assets.xcassets; sourceTree = "<group>"; };
		71F9D2A71E09050A0036DC60 /* Base */ = {isa = PBXFileReference; lastKnownFileType = file.storyboard; name = Base; path = Base.lproj/LaunchScreen.storyboard; sourceTree = "<group>"; };
		71F9D2A91E09050A0036DC60 /* Info.plist */ = {isa = PBXFileReference; lastKnownFileType = text.plist.xml; path = Info.plist; sourceTree = "<group>"; };
		71F9D2AE1E09050A0036DC60 /* ex2-1-2Tests.xctest */ = {isa = PBXFileReference; explicitFileType = wrapper.cfbundle; includeInIndex = 0; path = "ex2-1-2Tests.xctest"; sourceTree = BUILT_PRODUCTS_DIR; };
		71F9D2B21E09050A0036DC60 /* ex2_1_2Tests.m */ = {isa = PBXFileReference; lastKnownFileType = sourcecode.c.objc; path = ex2_1_2Tests.m; sourceTree = "<group>"; };
		71F9D2B41E09050A0036DC60 /* Info.plist */ = {isa = PBXFileReference; lastKnownFileType = text.plist.xml; path = Info.plist; sourceTree = "<group>"; };
		71F9D2B91E09050A0036DC60 /* ex2-1-2UITests.xctest */ = {isa = PBXFileReference; explicitFileType = wrapper.cfbundle; includeInIndex = 0; path = "ex2-1-2UITests.xctest"; sourceTree = BUILT_PRODUCTS_DIR; };
		71F9D2BD1E09050A0036DC60 /* ex2_1_2UITests.m */ = {isa = PBXFileReference; lastKnownFileType = sourcecode.c.objc; path = ex2_1_2UITests.m; sourceTree = "<group>"; };
		71F9D2BF1E09050A0036DC60 /* Info.plist */ = {isa = PBXFileReference; lastKnownFileType = text.plist.xml; path = Info.plist; sourceTree = "<group>"; };
		71F9D2CB1E0905C40036DC60 /* Image.xcassets */ = {isa = PBXFileReference; lastKnownFileType = folder.assetcatalog; path = Image.xcassets; sourceTree = "<group>"; };
/* End PBXFileReference section */

/* Begin PBXFrameworksBuildPhase section */
		71F9D2921E09050A0036DC60 /* Frameworks */ = {
			isa = PBXFrameworksBuildPhase;
			buildActionMask = 2147483647;
			files = (
			);
			runOnlyForDeploymentPostprocessing = 0;
		};
		71F9D2AB1E09050A0036DC60 /* Frameworks */ = {
			isa = PBXFrameworksBuildPhase;
			buildActionMask = 2147483647;
			files = (
			);
			runOnlyForDeploymentPostprocessing = 0;
		};
		71F9D2B61E09050A0036DC60 /* Frameworks */ = {
			isa = PBXFrameworksBuildPhase;
			buildActionMask = 2147483647;
			files = (
			);
			runOnlyForDeploymentPostprocessing = 0;
		};
/* End PBXFrameworksBuildPhase section */

/* Begin PBXGroup section */
		71F9D28C1E09050A0036DC60 = {
			isa = PBXGroup;
			children = (
				71F9D2971E09050A0036DC60 /* ex2-1-2 */,
				71F9D2B11E09050A0036DC60 /* ex2-1-2Tests */,
				71F9D2BC1E09050A0036DC60 /* ex2-1-2UITests */,
				71F9D2961E09050A0036DC60 /* Products */,
			);
			sourceTree = "<group>";
		};
		71F9D2961E09050A0036DC60 /* Products */ = {
			isa = PBXGroup;
			children = (
				71F9D2951E09050A0036DC60 /* ex2-1-2.app */,
				71F9D2AE1E09050A0036DC60 /* ex2-1-2Tests.xctest */,
				71F9D2B91E09050A0036DC60 /* ex2-1-2UITests.xctest */,
			);
			name = Products;
			sourceTree = "<group>";
		};
		71F9D2971E09050A0036DC60 /* ex2-1-2 */ = {
			isa = PBXGroup;
			children = (
				71F9D29B1E09050A0036DC60 /* AppDelegate.h */,
				71F9D29C1E09050A0036DC60 /* AppDelegate.m */,
				71F9D29E1E09050A0036DC60 /* ViewController.h */,
				71F9D29F1E09050A0036DC60 /* ViewController.m */,
				71F9D2A11E09050A0036DC60 /* Main.storyboard */,
				71F9D2A41E09050A0036DC60 /* Assets.xcassets */,
				71F9D2A61E09050A0036DC60 /* LaunchScreen.storyboard */,
				71F9D2A91E09050A0036DC60 /* Info.plist */,
				71F9D2981E09050A0036DC60 /* Supporting Files */,
				71F9D2CB1E0905C40036DC60 /* Image.xcassets */,
			);
			path = "ex2-1-2";
			sourceTree = "<group>";
		};
		71F9D2981E09050A0036DC60 /* Supporting Files */ = {
			isa = PBXGroup;
			children = (
				71F9D2991E09050A0036DC60 /* main.m */,
			);
			name = "Supporting Files";
			sourceTree = "<group>";
		};
		71F9D2B11E09050A0036DC60 /* ex2-1-2Tests */ = {
			isa = PBXGroup;
			children = (
				71F9D2B21E09050A0036DC60 /* ex2_1_2Tests.m */,
				71F9D2B41E09050A0036DC60 /* Info.plist */,
			);
			path = "ex2-1-2Tests";
			sourceTree = "<group>";
		};
		71F9D2BC1E09050A0036DC60 /* ex2-1-2UITests */ = {
			isa = PBXGroup;
			children = (
				71F9D2BD1E09050A0036DC60 /* ex2_1_2UITests.m */,
				71F9D2BF1E09050A0036DC60 /* Info.plist */,
			);
			path = "ex2-1-2UITests";
			sourceTree = "<group>";
		};
/* End PBXGroup section */

/* Begin PBXNativeTarget section */
		71F9D2941E09050A0036DC60 /* ex2-1-2 */ = {
			isa = PBXNativeTarget;
			buildConfigurationList = 71F9D2C21E09050A0036DC60 /* Build configuration list for PBXNativeTarget "ex2-1-2" */;
			buildPhases = (
				71F9D2911E09050A0036DC60 /* Sources */,
				71F9D2921E09050A0036DC60 /* Frameworks */,
				71F9D2931E09050A0036DC60 /* Resources */,
			);
			buildRules = (
			);
			dependencies = (
			);
			name = "ex2-1-2";
			productName = "ex2-1-2";
			productReference = 71F9D2951E09050A0036DC60 /* ex2-1-2.app */;
			productType = "com.apple.product-type.application";
		};
		71F9D2AD1E09050A0036DC60 /* ex2-1-2Tests */ = {
			isa = PBXNativeTarget;
			buildConfigurationList = 71F9D2C51E09050A0036DC60 /* Build configuration list for PBXNativeTarget "ex2-1-2Tests" */;
			buildPhases = (
				71F9D2AA1E09050A0036DC60 /* Sources */,
				71F9D2AB1E09050A0036DC60 /* Frameworks */,
				71F9D2AC1E09050A0036DC60 /* Resources */,
			);
			buildRules = (
			);
			dependencies = (
				71F9D2B01E09050A0036DC60 /* PBXTargetDependency */,
			);
			name = "ex2-1-2Tests";
			productName = "ex2-1-2Tests";
			productReference = 71F9D2AE1E09050A0036DC60 /* ex2-1-2Tests.xctest */;
			productType = "com.apple.product-type.bundle.unit-test";
		};
		71F9D2B81E09050A0036DC60 /* ex2-1-2UITests */ = {
			isa = PBXNativeTarget;
			buildConfigurationList = 71F9D2C81E09050A0036DC60 /* Build configuration list for PBXNativeTarget "ex2-1-2UITests" */;
			buildPhases = (
				71F9D2B51E09050A0036DC60 /* Sources */,
				71F9D2B61E09050A0036DC60 /* Frameworks */,
				71F9D2B71E09050A0036DC60 /* Resources */,
			);
			buildRules = (
			);
			dependencies = (
				71F9D2BB1E09050A0036DC60 /* PBXTargetDependency */,
			);
			name = "ex2-1-2UITests";
			productName = "ex2-1-2UITests";
			productReference = 71F9D2B91E09050A0036DC60 /* ex2-1-2UITests.xctest */;
			productType = "com.apple.product-type.bundle.ui-testing";
		};
/* End PBXNativeTarget section */

/* Begin PBXProject section */
		71F9D28D1E09050A0036DC60 /* Project object */ = {
			isa = PBXProject;
			attributes = {
				LastUpgradeCheck = 0730;
				ORGANIZATIONNAME = "ITユーザー";
				TargetAttributes = {
					71F9D2941E09050A0036DC60 = {
						CreatedOnToolsVersion = 7.3;
					};
					71F9D2AD1E09050A0036DC60 = {
						CreatedOnToolsVersion = 7.3;
						TestTargetID = 71F9D2941E09050A0036DC60;
					};
					71F9D2B81E09050A0036DC60 = {
						CreatedOnToolsVersion = 7.3;
						TestTargetID = 71F9D2941E09050A0036DC60;
					};
				};
			};
			buildConfigurationList = 71F9D2901E09050A0036DC60 /* Build configuration list for PBXProject "ex2-1-2" */;
			compatibilityVersion = "Xcode 3.2";
			developmentRegion = English;
			hasScannedForEncodings = 0;
			knownRegions = (
				en,
				Base,
			);
			mainGroup = 71F9D28C1E09050A0036DC60;
			productRefGroup = 71F9D2961E09050A0036DC60 /* Products */;
			projectDirPath = "";
			projectRoot = "";
			targets = (
				71F9D2941E09050A0036DC60 /* ex2-1-2 */,
				71F9D2AD1E09050A0036DC60 /* ex2-1-2Tests */,
				71F9D2B81E09050A0036DC60 /* ex2-1-2UITests */,
			);
		};
/* End PBXProject section */

/* Begin PBXResourcesBuildPhase section */
		71F9D2931E09050A0036DC60 /* Resources */ = {
			isa = PBXResourcesBuildPhase;
			buildActionMask = 2147483647;
			files = (
				71F9D2A81E09050A0036DC60 /* LaunchScreen.storyboard in Resources */,
				71F9D2CC1E0905C40036DC60 /* Image.xcassets in Resources */,
				71F9D2A51E09050A0036DC60 /* Assets.xcassets in Resources */,
				71F9D2A31E09050A0036DC60 /* Main.storyboard in Resources */,
			);
			runOnlyForDeploymentPostprocessing = 0;
		};
		71F9D2AC1E09050A0036DC60 /* Resources */ = {
			isa = PBXResourcesBuildPhase;
			buildActionMask = 2147483647;
			files = (
			);
			runOnlyForDeploymentPostprocessing = 0;
		};
		71F9D2B71E09050A0036DC60 /* Resources */ = {
			isa = PBXResourcesBuildPhase;
			buildActionMask = 2147483647;
			files = (
			);
			runOnlyForDeploymentPostprocessing = 0;
		};
/* End PBXResourcesBuildPhase section */

/* Begin PBXSourcesBuildPhase section */
		71F9D2911E09050A0036DC60 /* Sources */ = {
			isa = PBXSourcesBuildPhase;
			buildActionMask = 2147483647;
			files = (
				71F9D2A01E09050A0036DC60 /* ViewController.m in Sources */,
				71F9D29D1E09050A0036DC60 /* AppDelegate.m in Sources */,
				71F9D29A1E09050A0036DC60 /* main.m in Sources */,
			);
			runOnlyForDeploymentPostprocessing = 0;
		};
		71F9D2AA1E09050A0036DC60 /* Sources */ = {
			isa = PBXSourcesBuildPhase;
			buildActionMask = 2147483647;
			files = (
				71F9D2B31E09050A0036DC60 /* ex2_1_2Tests.m in Sources */,
			);
			runOnlyForDeploymentPostprocessing = 0;
		};
		71F9D2B51E09050A0036DC60 /* Sources */ = {
			isa = PBXSourcesBuildPhase;
			buildActionMask = 2147483647;
			files = (
				71F9D2BE1E09050A0036DC60 /* ex2_1_2UITests.m in Sources */,
			);
			runOnlyForDeploymentPostprocessing = 0;
		};
/* End PBXSourcesBuildPhase section */

/* Begin PBXTargetDependency section */
		71F9D2B01E09050A0036DC60 /* PBXTargetDependency */ = {
			isa = PBXTargetDependency;
			target = 71F9D2941E09050A0036DC60 /* ex2-1-2 */;
			targetProxy = 71F9D2AF1E09050A0036DC60 /* PBXContainerItemProxy */;
		};
		71F9D2BB1E09050A0036DC60 /* PBXTargetDependency */ = {
			isa = PBXTargetDependency;
			target = 71F9D2941E09050A0036DC60 /* ex2-1-2 */;
			targetProxy = 71F9D2BA1E09050A0036DC60 /* PBXContainerItemProxy */;
		};
/* End PBXTargetDependency section */

/* Begin PBXVariantGroup section */
		71F9D2A11E09050A0036DC60 /* Main.storyboard */ = {
			isa = PBXVariantGroup;
			children = (
				71F9D2A21E09050A0036DC60 /* Base */,
			);
			name = Main.storyboard;
			sourceTree = "<group>";
		};
		71F9D2A61E09050A0036DC60 /* LaunchScreen.storyboard */ = {
			isa = PBXVariantGroup;
			children = (
				71F9D2A71E09050A0036DC60 /* Base */,
			);
			name = LaunchScreen.storyboard;
			sourceTree = "<group>";
		};
/* End PBXVariantGroup section */

/* Begin XCBuildConfiguration section */
		71F9D2C01E09050A0036DC60 /* Debug */ = {
			isa = XCBuildConfiguration;
			buildSettings = {
				ALWAYS_SEARCH_USER_PATHS = NO;
				CLANG_ANALYZER_NONNULL = YES;
				CLANG_CXX_LANGUAGE_STANDARD = "gnu++0x";
				CLANG_CXX_LIBRARY = "libc++";
				CLANG_ENABLE_MODULES = YES;
				CLANG_ENABLE_OBJC_ARC = YES;
				CLANG_WARN_BOOL_CONVERSION = YES;
				CLANG_WARN_CONSTANT_CONVERSION = YES;
				CLANG_WARN_DIRECT_OBJC_ISA_USAGE = YES_ERROR;
				CLANG_WARN_EMPTY_BODY = YES;
				CLANG_WARN_ENUM_CONVERSION = YES;
				CLANG_WARN_INT_CONVERSION = YES;
				CLANG_WARN_OBJC_ROOT_CLASS = YES_ERROR;
				CLANG_WARN_UNREACHABLE_CODE = YES;
				CLANG_WARN__DUPLICATE_METHOD_MATCH = YES;
				"CODE_SIGN_IDENTITY[sdk=iphoneos*]" = "iPhone Developer";
				COPY_PHASE_STRIP = NO;
				DEBUG_INFORMATION_FORMAT = dwarf;
				ENABLE_STRICT_OBJC_MSGSEND = YES;
				ENABLE_TESTABILITY = YES;
				GCC_C_LANGUAGE_STANDARD = gnu99;
				GCC_DYNAMIC_NO_PIC = NO;
				GCC_NO_COMMON_BLOCKS = YES;
				GCC_OPTIMIZATION_LEVEL = 0;
				GCC_PREPROCESSOR_DEFINITIONS = (
					"DEBUG=1",
					"$(inherited)",
				);
				GCC_WARN_64_TO_32_BIT_CONVERSION = YES;
				GCC_WARN_ABOUT_RETURN_TYPE = YES_ERROR;
				GCC_WARN_UNDECLARED_SELECTOR = YES;
				GCC_WARN_UNINITIALIZED_AUTOS = YES_AGGRESSIVE;
				GCC_WARN_UNUSED_FUNCTION = YES;
				GCC_WARN_UNUSED_VARIABLE = YES;
				IPHONEOS_DEPLOYMENT_TARGET = 9.3;
				MTL_ENABLE_DEBUG_INFO = YES;
				ONLY_ACTIVE_ARCH = YES;
				SDKROOT = iphoneos;
				TARGETED_DEVICE_FAMILY = "1,2";
			};
			name = Debug;
		};
		71F9D2C11E09050A0036DC60 /* Release */ = {
			isa = XCBuildConfiguration;
			buildSettings = {
				ALWAYS_SEARCH_USER_PATHS = NO;
				CLANG_ANALYZER_NONNULL = YES;
				CLANG_CXX_LANGUAGE_STANDARD = "gnu++0x";
				CLANG_CXX_LIBRARY = "libc++";
				CLANG_ENABLE_MODULES = YES;
				CLANG_ENABLE_OBJC_ARC = YES;
				CLANG_WARN_BOOL_CONVERSION = YES;
				CLANG_WARN_CONSTANT_CONVERSION = YES;
				CLANG_WARN_DIRECT_OBJC_ISA_USAGE = YES_ERROR;
				CLANG_WARN_EMPTY_BODY = YES;
				CLANG_WARN_ENUM_CONVERSION = YES;
				CLANG_WARN_INT_CONVERSION = YES;
				CLANG_WARN_OBJC_ROOT_CLASS = YES_ERROR;
				CLANG_WARN_UNREACHABLE_CODE = YES;
				CLANG_WARN__DUPLICATE_METHOD_MATCH = YES;
				"CODE_SIGN_IDENTITY[sdk=iphoneos*]" = "iPhone Developer";
				COPY_PHASE_STRIP = NO;
				DEBUG_INFORMATION_FORMAT = "dwarf-with-dsym";
				ENABLE_NS_ASSERTIONS = NO;
				ENABLE_STRICT_OBJC_MSGSEND = YES;
				GCC_C_LANGUAGE_STANDARD = gnu99;
				GCC_NO_COMMON_BLOCKS = YES;
				GCC_WARN_64_TO_32_BIT_CONVERSION = YES;
				GCC_WARN_ABOUT_RETURN_TYPE = YES_ERROR;
				GCC_WARN_UNDECLARED_SELECTOR = YES;
				GCC_WARN_UNINITIALIZED_AUTOS = YES_AGGRESSIVE;
				GCC_WARN_UNUSED_FUNCTION = YES;
				GCC_WARN_UNUSED_VARIABLE = YES;
				IPHONEOS_DEPLOYMENT_TARGET = 9.3;
				MTL_ENABLE_DEBUG_INFO = NO;
				SDKROOT = iphoneos;
				TARGETED_DEVICE_FAMILY = "1,2";
				VALIDATE_PRODUCT = YES;
			};
			name = Release;
		};
		71F9D2C31E09050A0036DC60 /* Debug */ = {
			isa = XCBuildConfiguration;
			buildSettings = {
				ASSETCATALOG_COMPILER_APPICON_NAME = AppIcon;
				INFOPLIST_FILE = "ex2-1-2/Info.plist";
				LD_RUNPATH_SEARCH_PATHS = "$(inherited) @executable_path/Frameworks";
				PRODUCT_BUNDLE_IDENTIFIER = "jp.ac.neec.it.ex2-1-2";
				PRODUCT_NAME = "$(TARGET_NAME)";
			};
			name = Debug;
		};
		71F9D2C41E09050A0036DC60 /* Release */ = {
			isa = XCBuildConfiguration;
			buildSettings = {
				ASSETCATALOG_COMPILER_APPICON_NAME = AppIcon;
				INFOPLIST_FILE = "ex2-1-2/Info.plist";
				LD_RUNPATH_SEARCH_PATHS = "$(inherited) @executable_path/Frameworks";
				PRODUCT_BUNDLE_IDENTIFIER = "jp.ac.neec.it.ex2-1-2";
				PRODUCT_NAME = "$(TARGET_NAME)";
			};
			name = Release;
		};
		71F9D2C61E09050A0036DC60 /* Debug */ = {
			isa = XCBuildConfiguration;
			buildSettings = {
				BUNDLE_LOADER = "$(TEST_HOST)";
				INFOPLIST_FILE = "ex2-1-2Tests/Info.plist";
				LD_RUNPATH_SEARCH_PATHS = "$(inherited) @executable_path/Frameworks @loader_path/Frameworks";
				PRODUCT_BUNDLE_IDENTIFIER = "jp.ac.neec.it.ex2-1-2Tests";
				PRODUCT_NAME = "$(TARGET_NAME)";
				TEST_HOST = "$(BUILT_PRODUCTS_DIR)/ex2-1-2.app/ex2-1-2";
			};
			name = Debug;
		};
		71F9D2C71E09050A0036DC60 /* Release */ = {
			isa = XCBuildConfiguration;
			buildSettings = {
				BUNDLE_LOADER = "$(TEST_HOST)";
				INFOPLIST_FILE = "ex2-1-2Tests/Info.plist";
				LD_RUNPATH_SEARCH_PATHS = "$(inherited) @executable_path/Frameworks @loader_path/Frameworks";
				PRODUCT_BUNDLE_IDENTIFIER = "jp.ac.neec.it.ex2-1-2Tests";
				PRODUCT_NAME = "$(TARGET_NAME)";
				TEST_HOST = "$(BUILT_PRODUCTS_DIR)/ex2-1-2.app/ex2-1-2";
			};
			name = Release;
		};
		71F9D2C91E09050A0036DC60 /* Debug */ = {
			isa = XCBuildConfiguration;
			buildSettings = {
				INFOPLIST_FILE = "ex2-1-2UITests/Info.plist";
				LD_RUNPATH_SEARCH_PATHS = "$(inherited) @executable_path/Frameworks @loader_path/Frameworks";
				PRODUCT_BUNDLE_IDENTIFIER = "jp.ac.neec.it.ex2-1-2UITests";
				PRODUCT_NAME = "$(TARGET_NAME)";
				TEST_TARGET_NAME = "ex2-1-2";
			};
			name = Debug;
		};
		71F9D2CA1E09050A0036DC60 /* Release */ = {
			isa = XCBuildConfiguration;
			buildSettings = {
				INFOPLIST_FILE = "ex2-1-2UITests/Info.plist";
				LD_RUNPATH_SEARCH_PATHS = "$(inherited) @executable_path/Frameworks @loader_path/Frameworks";
				PRODUCT_BUNDLE_IDENTIFIER = "jp.ac.neec.it.ex2-1-2UITests";
				PRODUCT_NAME = "$(TARGET_NAME)";
				TEST_TARGET_NAME = "ex2-1-2";
			};
			name = Release;
		};
/* End XCBuildConfiguration section */

/* Begin XCConfigurationList section */
		71F9D2901E09050A0036DC60 /* Build configuration list for PBXProject "ex2-1-2" */ = {
			isa = XCConfigurationList;
			buildConfigurations = (
				71F9D2C01E09050A0036DC60 /* Debug */,
				71F9D2C11E09050A0036DC60 /* Release */,
			);
			defaultConfigurationIsVisible = 0;
			defaultConfigurationName = Release;
		};
		71F9D2C21E09050A0036DC60 /* Build configuration list for PBXNativeTarget "ex2-1-2" */ = {
			isa = XCConfigurationList;
			buildConfigurations = (
				71F9D2C31E09050A0036DC60 /* Debug */,
				71F9D2C41E09050A0036DC60 /* Release */,
			);
			defaultConfigurationIsVisible = 0;
		};
		71F9D2C51E09050A0036DC60 /* Build configuration list for PBXNativeTarget "ex2-1-2Tests" */ = {
			isa = XCConfigurationList;
			buildConfigurations = (
				71F9D2C61E09050A0036DC60 /* Debug */,
				71F9D2C71E09050A0036DC60 /* Release */,
			);
			defaultConfigurationIsVisible = 0;
		};
		71F9D2C81E09050A0036DC60 /* Build configuration list for PBXNativeTarget "ex2-1-2UITests" */ = {
			isa = XCConfigurationList;
			buildConfigurations = (
				71F9D2C91E09050A0036DC60 /* Debug */,
				71F9D2CA1E09050A0036DC60 /* Release */,
			);
			defaultConfigurationIsVisible = 0;
		};
/* End XCConfigurationList section */
	};
	rootObject = 71F9D28D1E09050A0036DC60 /* Project object */;
}
