// !$*UTF8*$!
{
	archiveVersion = 1;
	classes = {
	};
	objectVersion = 46;
	objects = {

/* Begin PBXBuildFile section */
		D5880A7A1E0FF52C0026E09E /* main.m in Sources */ = {isa = PBXBuildFile; fileRef = D5880A791E0FF52C0026E09E /* main.m */; };
		D5880A7D1E0FF52C0026E09E /* AppDelegate.m in Sources */ = {isa = PBXBuildFile; fileRef = D5880A7C1E0FF52C0026E09E /* AppDelegate.m */; };
		D5880A801E0FF52C0026E09E /* ViewController.m in Sources */ = {isa = PBXBuildFile; fileRef = D5880A7F1E0FF52C0026E09E /* ViewController.m */; };
		D5880A831E0FF52C0026E09E /* Main.storyboard in Resources */ = {isa = PBXBuildFile; fileRef = D5880A811E0FF52C0026E09E /* Main.storyboard */; };
		D5880A851E0FF52C0026E09E /* Assets.xcassets in Resources */ = {isa = PBXBuildFile; fileRef = D5880A841E0FF52C0026E09E /* Assets.xcassets */; };
		D5880A881E0FF52C0026E09E /* LaunchScreen.storyboard in Resources */ = {isa = PBXBuildFile; fileRef = D5880A861E0FF52C0026E09E /* LaunchScreen.storyboard */; };
		D5880A931E0FF52C0026E09E /* ex2_1_12Tests.m in Sources */ = {isa = PBXBuildFile; fileRef = D5880A921E0FF52C0026E09E /* ex2_1_12Tests.m */; };
		D5880A9E1E0FF52C0026E09E /* ex2_1_12UITests.m in Sources */ = {isa = PBXBuildFile; fileRef = D5880A9D1E0FF52C0026E09E /* ex2_1_12UITests.m */; };
		D5880AAC1E0FF9350026E09E /* item.xcassets in Resources */ = {isa = PBXBuildFile; fileRef = D5880AAB1E0FF9350026E09E /* item.xcassets */; };
		D5880AAE1E0FFA000026E09E /* item.plist in Resources */ = {isa = PBXBuildFile; fileRef = D5880AAD1E0FFA000026E09E /* item.plist */; };
		D5880AB21E1006330026E09E /* CollectionViewCell.m in Sources */ = {isa = PBXBuildFile; fileRef = D5880AB01E1006330026E09E /* CollectionViewCell.m */; };
		D5880AB31E1006330026E09E /* CollectionViewCell.xib in Resources */ = {isa = PBXBuildFile; fileRef = D5880AB11E1006330026E09E /* CollectionViewCell.xib */; };
/* End PBXBuildFile section */

/* Begin PBXContainerItemProxy section */
		D5880A8F1E0FF52C0026E09E /* PBXContainerItemProxy */ = {
			isa = PBXContainerItemProxy;
			containerPortal = D5880A6D1E0FF52B0026E09E /* Project object */;
			proxyType = 1;
			remoteGlobalIDString = D5880A741E0FF52C0026E09E;
			remoteInfo = "ex2-1-12";
		};
		D5880A9A1E0FF52C0026E09E /* PBXContainerItemProxy */ = {
			isa = PBXContainerItemProxy;
			containerPortal = D5880A6D1E0FF52B0026E09E /* Project object */;
			proxyType = 1;
			remoteGlobalIDString = D5880A741E0FF52C0026E09E;
			remoteInfo = "ex2-1-12";
		};
/* End PBXContainerItemProxy section */

/* Begin PBXFileReference section */
		D5880A751E0FF52C0026E09E /* ex2-1-12.app */ = {isa = PBXFileReference; explicitFileType = wrapper.application; includeInIndex = 0; path = "ex2-1-12.app"; sourceTree = BUILT_PRODUCTS_DIR; };
		D5880A791E0FF52C0026E09E /* main.m */ = {isa = PBXFileReference; lastKnownFileType = sourcecode.c.objc; path = main.m; sourceTree = "<group>"; };
		D5880A7B1E0FF52C0026E09E /* AppDelegate.h */ = {isa = PBXFileReference; lastKnownFileType = sourcecode.c.h; path = AppDelegate.h; sourceTree = "<group>"; };
		D5880A7C1E0FF52C0026E09E /* AppDelegate.m */ = {isa = PBXFileReference; lastKnownFileType = sourcecode.c.objc; path = AppDelegate.m; sourceTree = "<group>"; };
		D5880A7E1E0FF52C0026E09E /* ViewController.h */ = {isa = PBXFileReference; lastKnownFileType = sourcecode.c.h; path = ViewController.h; sourceTree = "<group>"; };
		D5880A7F1E0FF52C0026E09E /* ViewController.m */ = {isa = PBXFileReference; lastKnownFileType = sourcecode.c.objc; path = ViewController.m; sourceTree = "<group>"; };
		D5880A821E0FF52C0026E09E /* Base */ = {isa = PBXFileReference; lastKnownFileType = file.storyboard; name = Base; path = Base.lproj/Main.storyboard; sourceTree = "<group>"; };
		D5880A841E0FF52C0026E09E /* Assets.xcassets */ = {isa = PBXFileReference; lastKnownFileType = folder.assetcatalog; path = Assets.xcassets; sourceTree = "<group>"; };
		D5880A871E0FF52C0026E09E /* Base */ = {isa = PBXFileReference; lastKnownFileType = file.storyboard; name = Base; path = Base.lproj/LaunchScreen.storyboard; sourceTree = "<group>"; };
		D5880A891E0FF52C0026E09E /* Info.plist */ = {isa = PBXFileReference; lastKnownFileType = text.plist.xml; path = Info.plist; sourceTree = "<group>"; };
		D5880A8E1E0FF52C0026E09E /* ex2-1-12Tests.xctest */ = {isa = PBXFileReference; explicitFileType = wrapper.cfbundle; includeInIndex = 0; path = "ex2-1-12Tests.xctest"; sourceTree = BUILT_PRODUCTS_DIR; };
		D5880A921E0FF52C0026E09E /* ex2_1_12Tests.m */ = {isa = PBXFileReference; lastKnownFileType = sourcecode.c.objc; path = ex2_1_12Tests.m; sourceTree = "<group>"; };
		D5880A941E0FF52C0026E09E /* Info.plist */ = {isa = PBXFileReference; lastKnownFileType = text.plist.xml; path = Info.plist; sourceTree = "<group>"; };
		D5880A991E0FF52C0026E09E /* ex2-1-12UITests.xctest */ = {isa = PBXFileReference; explicitFileType = wrapper.cfbundle; includeInIndex = 0; path = "ex2-1-12UITests.xctest"; sourceTree = BUILT_PRODUCTS_DIR; };
		D5880A9D1E0FF52C0026E09E /* ex2_1_12UITests.m */ = {isa = PBXFileReference; lastKnownFileType = sourcecode.c.objc; path = ex2_1_12UITests.m; sourceTree = "<group>"; };
		D5880A9F1E0FF52C0026E09E /* Info.plist */ = {isa = PBXFileReference; lastKnownFileType = text.plist.xml; path = Info.plist; sourceTree = "<group>"; };
		D5880AAB1E0FF9350026E09E /* item.xcassets */ = {isa = PBXFileReference; lastKnownFileType = folder.assetcatalog; path = item.xcassets; sourceTree = "<group>"; };
		D5880AAD1E0FFA000026E09E /* item.plist */ = {isa = PBXFileReference; fileEncoding = 4; lastKnownFileType = text.plist.xml; path = item.plist; sourceTree = "<group>"; };
		D5880AAF1E1006330026E09E /* CollectionViewCell.h */ = {isa = PBXFileReference; fileEncoding = 4; lastKnownFileType = sourcecode.c.h; path = CollectionViewCell.h; sourceTree = "<group>"; };
		D5880AB01E1006330026E09E /* CollectionViewCell.m */ = {isa = PBXFileReference; fileEncoding = 4; lastKnownFileType = sourcecode.c.objc; path = CollectionViewCell.m; sourceTree = "<group>"; };
		D5880AB11E1006330026E09E /* CollectionViewCell.xib */ = {isa = PBXFileReference; fileEncoding = 4; lastKnownFileType = file.xib; path = CollectionViewCell.xib; sourceTree = "<group>"; };
/* End PBXFileReference section */

/* Begin PBXFrameworksBuildPhase section */
		D5880A721E0FF52C0026E09E /* Frameworks */ = {
			isa = PBXFrameworksBuildPhase;
			buildActionMask = 2147483647;
			files = (
			);
			runOnlyForDeploymentPostprocessing = 0;
		};
		D5880A8B1E0FF52C0026E09E /* Frameworks */ = {
			isa = PBXFrameworksBuildPhase;
			buildActionMask = 2147483647;
			files = (
			);
			runOnlyForDeploymentPostprocessing = 0;
		};
		D5880A961E0FF52C0026E09E /* Frameworks */ = {
			isa = PBXFrameworksBuildPhase;
			buildActionMask = 2147483647;
			files = (
			);
			runOnlyForDeploymentPostprocessing = 0;
		};
/* End PBXFrameworksBuildPhase section */

/* Begin PBXGroup section */
		D5880A6C1E0FF52B0026E09E = {
			isa = PBXGroup;
			children = (
				D5880A771E0FF52C0026E09E /* ex2-1-12 */,
				D5880A911E0FF52C0026E09E /* ex2-1-12Tests */,
				D5880A9C1E0FF52C0026E09E /* ex2-1-12UITests */,
				D5880A761E0FF52C0026E09E /* Products */,
			);
			sourceTree = "<group>";
		};
		D5880A761E0FF52C0026E09E /* Products */ = {
			isa = PBXGroup;
			children = (
				D5880A751E0FF52C0026E09E /* ex2-1-12.app */,
				D5880A8E1E0FF52C0026E09E /* ex2-1-12Tests.xctest */,
				D5880A991E0FF52C0026E09E /* ex2-1-12UITests.xctest */,
			);
			name = Products;
			sourceTree = "<group>";
		};
		D5880A771E0FF52C0026E09E /* ex2-1-12 */ = {
			isa = PBXGroup;
			children = (
				D5880A7B1E0FF52C0026E09E /* AppDelegate.h */,
				D5880A7C1E0FF52C0026E09E /* AppDelegate.m */,
				D5880A7E1E0FF52C0026E09E /* ViewController.h */,
				D5880A7F1E0FF52C0026E09E /* ViewController.m */,
				D5880A811E0FF52C0026E09E /* Main.storyboard */,
				D5880A841E0FF52C0026E09E /* Assets.xcassets */,
				D5880A861E0FF52C0026E09E /* LaunchScreen.storyboard */,
				D5880A891E0FF52C0026E09E /* Info.plist */,
				D5880A781E0FF52C0026E09E /* Supporting Files */,
				D5880AAB1E0FF9350026E09E /* item.xcassets */,
				D5880AAD1E0FFA000026E09E /* item.plist */,
				D5880AAF1E1006330026E09E /* CollectionViewCell.h */,
				D5880AB01E1006330026E09E /* CollectionViewCell.m */,
				D5880AB11E1006330026E09E /* CollectionViewCell.xib */,
			);
			path = "ex2-1-12";
			sourceTree = "<group>";
		};
		D5880A781E0FF52C0026E09E /* Supporting Files */ = {
			isa = PBXGroup;
			children = (
				D5880A791E0FF52C0026E09E /* main.m */,
			);
			name = "Supporting Files";
			sourceTree = "<group>";
		};
		D5880A911E0FF52C0026E09E /* ex2-1-12Tests */ = {
			isa = PBXGroup;
			children = (
				D5880A921E0FF52C0026E09E /* ex2_1_12Tests.m */,
				D5880A941E0FF52C0026E09E /* Info.plist */,
			);
			path = "ex2-1-12Tests";
			sourceTree = "<group>";
		};
		D5880A9C1E0FF52C0026E09E /* ex2-1-12UITests */ = {
			isa = PBXGroup;
			children = (
				D5880A9D1E0FF52C0026E09E /* ex2_1_12UITests.m */,
				D5880A9F1E0FF52C0026E09E /* Info.plist */,
			);
			path = "ex2-1-12UITests";
			sourceTree = "<group>";
		};
/* End PBXGroup section */

/* Begin PBXNativeTarget section */
		D5880A741E0FF52C0026E09E /* ex2-1-12 */ = {
			isa = PBXNativeTarget;
			buildConfigurationList = D5880AA21E0FF52C0026E09E /* Build configuration list for PBXNativeTarget "ex2-1-12" */;
			buildPhases = (
				D5880A711E0FF52C0026E09E /* Sources */,
				D5880A721E0FF52C0026E09E /* Frameworks */,
				D5880A731E0FF52C0026E09E /* Resources */,
			);
			buildRules = (
			);
			dependencies = (
			);
			name = "ex2-1-12";
			productName = "ex2-1-12";
			productReference = D5880A751E0FF52C0026E09E /* ex2-1-12.app */;
			productType = "com.apple.product-type.application";
		};
		D5880A8D1E0FF52C0026E09E /* ex2-1-12Tests */ = {
			isa = PBXNativeTarget;
			buildConfigurationList = D5880AA51E0FF52C0026E09E /* Build configuration list for PBXNativeTarget "ex2-1-12Tests" */;
			buildPhases = (
				D5880A8A1E0FF52C0026E09E /* Sources */,
				D5880A8B1E0FF52C0026E09E /* Frameworks */,
				D5880A8C1E0FF52C0026E09E /* Resources */,
			);
			buildRules = (
			);
			dependencies = (
				D5880A901E0FF52C0026E09E /* PBXTargetDependency */,
			);
			name = "ex2-1-12Tests";
			productName = "ex2-1-12Tests";
			productReference = D5880A8E1E0FF52C0026E09E /* ex2-1-12Tests.xctest */;
			productType = "com.apple.product-type.bundle.unit-test";
		};
		D5880A981E0FF52C0026E09E /* ex2-1-12UITests */ = {
			isa = PBXNativeTarget;
			buildConfigurationList = D5880AA81E0FF52C0026E09E /* Build configuration list for PBXNativeTarget "ex2-1-12UITests" */;
			buildPhases = (
				D5880A951E0FF52C0026E09E /* Sources */,
				D5880A961E0FF52C0026E09E /* Frameworks */,
				D5880A971E0FF52C0026E09E /* Resources */,
			);
			buildRules = (
			);
			dependencies = (
				D5880A9B1E0FF52C0026E09E /* PBXTargetDependency */,
			);
			name = "ex2-1-12UITests";
			productName = "ex2-1-12UITests";
			productReference = D5880A991E0FF52C0026E09E /* ex2-1-12UITests.xctest */;
			productType = "com.apple.product-type.bundle.ui-testing";
		};
/* End PBXNativeTarget section */

/* Begin PBXProject section */
		D5880A6D1E0FF52B0026E09E /* Project object */ = {
			isa = PBXProject;
			attributes = {
				LastUpgradeCheck = 0730;
				ORGANIZATIONNAME = Nakanishi;
				TargetAttributes = {
					D5880A741E0FF52C0026E09E = {
						CreatedOnToolsVersion = 7.3;
					};
					D5880A8D1E0FF52C0026E09E = {
						CreatedOnToolsVersion = 7.3;
						TestTargetID = D5880A741E0FF52C0026E09E;
					};
					D5880A981E0FF52C0026E09E = {
						CreatedOnToolsVersion = 7.3;
						TestTargetID = D5880A741E0FF52C0026E09E;
					};
				};
			};
			buildConfigurationList = D5880A701E0FF52B0026E09E /* Build configuration list for PBXProject "ex2-1-12" */;
			compatibilityVersion = "Xcode 3.2";
			developmentRegion = English;
			hasScannedForEncodings = 0;
			knownRegions = (
				en,
				Base,
			);
			mainGroup = D5880A6C1E0FF52B0026E09E;
			productRefGroup = D5880A761E0FF52C0026E09E /* Products */;
			projectDirPath = "";
			projectRoot = "";
			targets = (
				D5880A741E0FF52C0026E09E /* ex2-1-12 */,
				D5880A8D1E0FF52C0026E09E /* ex2-1-12Tests */,
				D5880A981E0FF52C0026E09E /* ex2-1-12UITests */,
			);
		};
/* End PBXProject section */

/* Begin PBXResourcesBuildPhase section */
		D5880A731E0FF52C0026E09E /* Resources */ = {
			isa = PBXResourcesBuildPhase;
			buildActionMask = 2147483647;
			files = (
				D5880AAC1E0FF9350026E09E /* item.xcassets in Resources */,
				D5880A881E0FF52C0026E09E /* LaunchScreen.storyboard in Resources */,
				D5880AB31E1006330026E09E /* CollectionViewCell.xib in Resources */,
				D5880AAE1E0FFA000026E09E /* item.plist in Resources */,
				D5880A851E0FF52C0026E09E /* Assets.xcassets in Resources */,
				D5880A831E0FF52C0026E09E /* Main.storyboard in Resources */,
			);
			runOnlyForDeploymentPostprocessing = 0;
		};
		D5880A8C1E0FF52C0026E09E /* Resources */ = {
			isa = PBXResourcesBuildPhase;
			buildActionMask = 2147483647;
			files = (
			);
			runOnlyForDeploymentPostprocessing = 0;
		};
		D5880A971E0FF52C0026E09E /* Resources */ = {
			isa = PBXResourcesBuildPhase;
			buildActionMask = 2147483647;
			files = (
			);
			runOnlyForDeploymentPostprocessing = 0;
		};
/* End PBXResourcesBuildPhase section */

/* Begin PBXSourcesBuildPhase section */
		D5880A711E0FF52C0026E09E /* Sources */ = {
			isa = PBXSourcesBuildPhase;
			buildActionMask = 2147483647;
			files = (
				D5880A801E0FF52C0026E09E /* ViewController.m in Sources */,
				D5880A7D1E0FF52C0026E09E /* AppDelegate.m in Sources */,
				D5880AB21E1006330026E09E /* CollectionViewCell.m in Sources */,
				D5880A7A1E0FF52C0026E09E /* main.m in Sources */,
			);
			runOnlyForDeploymentPostprocessing = 0;
		};
		D5880A8A1E0FF52C0026E09E /* Sources */ = {
			isa = PBXSourcesBuildPhase;
			buildActionMask = 2147483647;
			files = (
				D5880A931E0FF52C0026E09E /* ex2_1_12Tests.m in Sources */,
			);
			runOnlyForDeploymentPostprocessing = 0;
		};
		D5880A951E0FF52C0026E09E /* Sources */ = {
			isa = PBXSourcesBuildPhase;
			buildActionMask = 2147483647;
			files = (
				D5880A9E1E0FF52C0026E09E /* ex2_1_12UITests.m in Sources */,
			);
			runOnlyForDeploymentPostprocessing = 0;
		};
/* End PBXSourcesBuildPhase section */

/* Begin PBXTargetDependency section */
		D5880A901E0FF52C0026E09E /* PBXTargetDependency */ = {
			isa = PBXTargetDependency;
			target = D5880A741E0FF52C0026E09E /* ex2-1-12 */;
			targetProxy = D5880A8F1E0FF52C0026E09E /* PBXContainerItemProxy */;
		};
		D5880A9B1E0FF52C0026E09E /* PBXTargetDependency */ = {
			isa = PBXTargetDependency;
			target = D5880A741E0FF52C0026E09E /* ex2-1-12 */;
			targetProxy = D5880A9A1E0FF52C0026E09E /* PBXContainerItemProxy */;
		};
/* End PBXTargetDependency section */

/* Begin PBXVariantGroup section */
		D5880A811E0FF52C0026E09E /* Main.storyboard */ = {
			isa = PBXVariantGroup;
			children = (
				D5880A821E0FF52C0026E09E /* Base */,
			);
			name = Main.storyboard;
			sourceTree = "<group>";
		};
		D5880A861E0FF52C0026E09E /* LaunchScreen.storyboard */ = {
			isa = PBXVariantGroup;
			children = (
				D5880A871E0FF52C0026E09E /* Base */,
			);
			name = LaunchScreen.storyboard;
			sourceTree = "<group>";
		};
/* End PBXVariantGroup section */

/* Begin XCBuildConfiguration section */
		D5880AA01E0FF52C0026E09E /* Debug */ = {
			isa = XCBuildConfiguration;
			buildSettings = {
				ALWAYS_SEARCH_USER_PATHS = NO;
				CLANG_ANALYZER_NONNULL = YES;
				CLANG_CXX_LANGUAGE_STANDARD = "gnu++0x";
				CLANG_CXX_LIBRARY = "libc++";
				CLANG_ENABLE_MODULES = YES;
				CLANG_ENABLE_OBJC_ARC = YES;
				CLANG_WARN_BOOL_CONVERSION = YES;
				CLANG_WARN_CONSTANT_CONVERSION = YES;
				CLANG_WARN_DIRECT_OBJC_ISA_USAGE = YES_ERROR;
				CLANG_WARN_EMPTY_BODY = YES;
				CLANG_WARN_ENUM_CONVERSION = YES;
				CLANG_WARN_INT_CONVERSION = YES;
				CLANG_WARN_OBJC_ROOT_CLASS = YES_ERROR;
				CLANG_WARN_UNREACHABLE_CODE = YES;
				CLANG_WARN__DUPLICATE_METHOD_MATCH = YES;
				"CODE_SIGN_IDENTITY[sdk=iphoneos*]" = "iPhone Developer";
				COPY_PHASE_STRIP = NO;
				DEBUG_INFORMATION_FORMAT = dwarf;
				ENABLE_STRICT_OBJC_MSGSEND = YES;
				ENABLE_TESTABILITY = YES;
				GCC_C_LANGUAGE_STANDARD = gnu99;
				GCC_DYNAMIC_NO_PIC = NO;
				GCC_NO_COMMON_BLOCKS = YES;
				GCC_OPTIMIZATION_LEVEL = 0;
				GCC_PREPROCESSOR_DEFINITIONS = (
					"DEBUG=1",
					"$(inherited)",
				);
				GCC_WARN_64_TO_32_BIT_CONVERSION = YES;
				GCC_WARN_ABOUT_RETURN_TYPE = YES_ERROR;
				GCC_WARN_UNDECLARED_SELECTOR = YES;
				GCC_WARN_UNINITIALIZED_AUTOS = YES_AGGRESSIVE;
				GCC_WARN_UNUSED_FUNCTION = YES;
				GCC_WARN_UNUSED_VARIABLE = YES;
				IPHONEOS_DEPLOYMENT_TARGET = 9.3;
				MTL_ENABLE_DEBUG_INFO = YES;
				ONLY_ACTIVE_ARCH = YES;
				SDKROOT = iphoneos;
				TARGETED_DEVICE_FAMILY = "1,2";
			};
			name = Debug;
		};
		D5880AA11E0FF52C0026E09E /* Release */ = {
			isa = XCBuildConfiguration;
			buildSettings = {
				ALWAYS_SEARCH_USER_PATHS = NO;
				CLANG_ANALYZER_NONNULL = YES;
				CLANG_CXX_LANGUAGE_STANDARD = "gnu++0x";
				CLANG_CXX_LIBRARY = "libc++";
				CLANG_ENABLE_MODULES = YES;
				CLANG_ENABLE_OBJC_ARC = YES;
				CLANG_WARN_BOOL_CONVERSION = YES;
				CLANG_WARN_CONSTANT_CONVERSION = YES;
				CLANG_WARN_DIRECT_OBJC_ISA_USAGE = YES_ERROR;
				CLANG_WARN_EMPTY_BODY = YES;
				CLANG_WARN_ENUM_CONVERSION = YES;
				CLANG_WARN_INT_CONVERSION = YES;
				CLANG_WARN_OBJC_ROOT_CLASS = YES_ERROR;
				CLANG_WARN_UNREACHABLE_CODE = YES;
				CLANG_WARN__DUPLICATE_METHOD_MATCH = YES;
				"CODE_SIGN_IDENTITY[sdk=iphoneos*]" = "iPhone Developer";
				COPY_PHASE_STRIP = NO;
				DEBUG_INFORMATION_FORMAT = "dwarf-with-dsym";
				ENABLE_NS_ASSERTIONS = NO;
				ENABLE_STRICT_OBJC_MSGSEND = YES;
				GCC_C_LANGUAGE_STANDARD = gnu99;
				GCC_NO_COMMON_BLOCKS = YES;
				GCC_WARN_64_TO_32_BIT_CONVERSION = YES;
				GCC_WARN_ABOUT_RETURN_TYPE = YES_ERROR;
				GCC_WARN_UNDECLARED_SELECTOR = YES;
				GCC_WARN_UNINITIALIZED_AUTOS = YES_AGGRESSIVE;
				GCC_WARN_UNUSED_FUNCTION = YES;
				GCC_WARN_UNUSED_VARIABLE = YES;
				IPHONEOS_DEPLOYMENT_TARGET = 9.3;
				MTL_ENABLE_DEBUG_INFO = NO;
				SDKROOT = iphoneos;
				TARGETED_DEVICE_FAMILY = "1,2";
				VALIDATE_PRODUCT = YES;
			};
			name = Release;
		};
		D5880AA31E0FF52C0026E09E /* Debug */ = {
			isa = XCBuildConfiguration;
			buildSettings = {
				ASSETCATALOG_COMPILER_APPICON_NAME = AppIcon;
				INFOPLIST_FILE = "ex2-1-12/Info.plist";
				LD_RUNPATH_SEARCH_PATHS = "$(inherited) @executable_path/Frameworks";
				PRODUCT_BUNDLE_IDENTIFIER = "com.example.ex2-1-12";
				PRODUCT_NAME = "$(TARGET_NAME)";
			};
			name = Debug;
		};
		D5880AA41E0FF52C0026E09E /* Release */ = {
			isa = XCBuildConfiguration;
			buildSettings = {
				ASSETCATALOG_COMPILER_APPICON_NAME = AppIcon;
				INFOPLIST_FILE = "ex2-1-12/Info.plist";
				LD_RUNPATH_SEARCH_PATHS = "$(inherited) @executable_path/Frameworks";
				PRODUCT_BUNDLE_IDENTIFIER = "com.example.ex2-1-12";
				PRODUCT_NAME = "$(TARGET_NAME)";
			};
			name = Release;
		};
		D5880AA61E0FF52C0026E09E /* Debug */ = {
			isa = XCBuildConfiguration;
			buildSettings = {
				BUNDLE_LOADER = "$(TEST_HOST)";
				INFOPLIST_FILE = "ex2-1-12Tests/Info.plist";
				LD_RUNPATH_SEARCH_PATHS = "$(inherited) @executable_path/Frameworks @loader_path/Frameworks";
				PRODUCT_BUNDLE_IDENTIFIER = "com.example.ex2-1-12Tests";
				PRODUCT_NAME = "$(TARGET_NAME)";
				TEST_HOST = "$(BUILT_PRODUCTS_DIR)/ex2-1-12.app/ex2-1-12";
			};
			name = Debug;
		};
		D5880AA71E0FF52C0026E09E /* Release */ = {
			isa = XCBuildConfiguration;
			buildSettings = {
				BUNDLE_LOADER = "$(TEST_HOST)";
				INFOPLIST_FILE = "ex2-1-12Tests/Info.plist";
				LD_RUNPATH_SEARCH_PATHS = "$(inherited) @executable_path/Frameworks @loader_path/Frameworks";
				PRODUCT_BUNDLE_IDENTIFIER = "com.example.ex2-1-12Tests";
				PRODUCT_NAME = "$(TARGET_NAME)";
				TEST_HOST = "$(BUILT_PRODUCTS_DIR)/ex2-1-12.app/ex2-1-12";
			};
			name = Release;
		};
		D5880AA91E0FF52C0026E09E /* Debug */ = {
			isa = XCBuildConfiguration;
			buildSettings = {
				INFOPLIST_FILE = "ex2-1-12UITests/Info.plist";
				LD_RUNPATH_SEARCH_PATHS = "$(inherited) @executable_path/Frameworks @loader_path/Frameworks";
				PRODUCT_BUNDLE_IDENTIFIER = "com.example.ex2-1-12UITests";
				PRODUCT_NAME = "$(TARGET_NAME)";
				TEST_TARGET_NAME = "ex2-1-12";
			};
			name = Debug;
		};
		D5880AAA1E0FF52C0026E09E /* Release */ = {
			isa = XCBuildConfiguration;
			buildSettings = {
				INFOPLIST_FILE = "ex2-1-12UITests/Info.plist";
				LD_RUNPATH_SEARCH_PATHS = "$(inherited) @executable_path/Frameworks @loader_path/Frameworks";
				PRODUCT_BUNDLE_IDENTIFIER = "com.example.ex2-1-12UITests";
				PRODUCT_NAME = "$(TARGET_NAME)";
				TEST_TARGET_NAME = "ex2-1-12";
			};
			name = Release;
		};
/* End XCBuildConfiguration section */

/* Begin XCConfigurationList section */
		D5880A701E0FF52B0026E09E /* Build configuration list for PBXProject "ex2-1-12" */ = {
			isa = XCConfigurationList;
			buildConfigurations = (
				D5880AA01E0FF52C0026E09E /* Debug */,
				D5880AA11E0FF52C0026E09E /* Release */,
			);
			defaultConfigurationIsVisible = 0;
			defaultConfigurationName = Release;
		};
		D5880AA21E0FF52C0026E09E /* Build configuration list for PBXNativeTarget "ex2-1-12" */ = {
			isa = XCConfigurationList;
			buildConfigurations = (
				D5880AA31E0FF52C0026E09E /* Debug */,
				D5880AA41E0FF52C0026E09E /* Release */,
			);
			defaultConfigurationIsVisible = 0;
		};
		D5880AA51E0FF52C0026E09E /* Build configuration list for PBXNativeTarget "ex2-1-12Tests" */ = {
			isa = XCConfigurationList;
			buildConfigurations = (
				D5880AA61E0FF52C0026E09E /* Debug */,
				D5880AA71E0FF52C0026E09E /* Release */,
			);
			defaultConfigurationIsVisible = 0;
		};
		D5880AA81E0FF52C0026E09E /* Build configuration list for PBXNativeTarget "ex2-1-12UITests" */ = {
			isa = XCConfigurationList;
			buildConfigurations = (
				D5880AA91E0FF52C0026E09E /* Debug */,
				D5880AAA1E0FF52C0026E09E /* Release */,
			);
			defaultConfigurationIsVisible = 0;
		};
/* End XCConfigurationList section */
	};
	rootObject = D5880A6D1E0FF52B0026E09E /* Project object */;
}
