// !$*UTF8*$!
{
	archiveVersion = 1;
	classes = {
	};
	objectVersion = 46;
	objects = {

/* Begin PBXBuildFile section */
		D5321C6A1E1536830060C3F8 /* main.m in Sources */ = {isa = PBXBuildFile; fileRef = D5321C691E1536830060C3F8 /* main.m */; };
		D5321C6D1E1536830060C3F8 /* AppDelegate.m in Sources */ = {isa = PBXBuildFile; fileRef = D5321C6C1E1536830060C3F8 /* AppDelegate.m */; };
		D5321C701E1536830060C3F8 /* ViewController.m in Sources */ = {isa = PBXBuildFile; fileRef = D5321C6F1E1536830060C3F8 /* ViewController.m */; };
		D5321C731E1536830060C3F8 /* Main.storyboard in Resources */ = {isa = PBXBuildFile; fileRef = D5321C711E1536830060C3F8 /* Main.storyboard */; };
		D5321C751E1536830060C3F8 /* Assets.xcassets in Resources */ = {isa = PBXBuildFile; fileRef = D5321C741E1536830060C3F8 /* Assets.xcassets */; };
		D5321C781E1536830060C3F8 /* LaunchScreen.storyboard in Resources */ = {isa = PBXBuildFile; fileRef = D5321C761E1536830060C3F8 /* LaunchScreen.storyboard */; };
		D5321C831E1536830060C3F8 /* ex2_1_16Tests.m in Sources */ = {isa = PBXBuildFile; fileRef = D5321C821E1536830060C3F8 /* ex2_1_16Tests.m */; };
		D5321C8E1E1536830060C3F8 /* ex2_1_16UITests.m in Sources */ = {isa = PBXBuildFile; fileRef = D5321C8D1E1536830060C3F8 /* ex2_1_16UITests.m */; };
/* End PBXBuildFile section */

/* Begin PBXContainerItemProxy section */
		D5321C7F1E1536830060C3F8 /* PBXContainerItemProxy */ = {
			isa = PBXContainerItemProxy;
			containerPortal = D5321C5D1E1536820060C3F8 /* Project object */;
			proxyType = 1;
			remoteGlobalIDString = D5321C641E1536820060C3F8;
			remoteInfo = "ex2-1-16";
		};
		D5321C8A1E1536830060C3F8 /* PBXContainerItemProxy */ = {
			isa = PBXContainerItemProxy;
			containerPortal = D5321C5D1E1536820060C3F8 /* Project object */;
			proxyType = 1;
			remoteGlobalIDString = D5321C641E1536820060C3F8;
			remoteInfo = "ex2-1-16";
		};
/* End PBXContainerItemProxy section */

/* Begin PBXFileReference section */
		D5321C651E1536830060C3F8 /* ex2-1-16.app */ = {isa = PBXFileReference; explicitFileType = wrapper.application; includeInIndex = 0; path = "ex2-1-16.app"; sourceTree = BUILT_PRODUCTS_DIR; };
		D5321C691E1536830060C3F8 /* main.m */ = {isa = PBXFileReference; lastKnownFileType = sourcecode.c.objc; path = main.m; sourceTree = "<group>"; };
		D5321C6B1E1536830060C3F8 /* AppDelegate.h */ = {isa = PBXFileReference; lastKnownFileType = sourcecode.c.h; path = AppDelegate.h; sourceTree = "<group>"; };
		D5321C6C1E1536830060C3F8 /* AppDelegate.m */ = {isa = PBXFileReference; lastKnownFileType = sourcecode.c.objc; path = AppDelegate.m; sourceTree = "<group>"; };
		D5321C6E1E1536830060C3F8 /* ViewController.h */ = {isa = PBXFileReference; lastKnownFileType = sourcecode.c.h; path = ViewController.h; sourceTree = "<group>"; };
		D5321C6F1E1536830060C3F8 /* ViewController.m */ = {isa = PBXFileReference; lastKnownFileType = sourcecode.c.objc; path = ViewController.m; sourceTree = "<group>"; };
		D5321C721E1536830060C3F8 /* Base */ = {isa = PBXFileReference; lastKnownFileType = file.storyboard; name = Base; path = Base.lproj/Main.storyboard; sourceTree = "<group>"; };
		D5321C741E1536830060C3F8 /* Assets.xcassets */ = {isa = PBXFileReference; lastKnownFileType = folder.assetcatalog; path = Assets.xcassets; sourceTree = "<group>"; };
		D5321C771E1536830060C3F8 /* Base */ = {isa = PBXFileReference; lastKnownFileType = file.storyboard; name = Base; path = Base.lproj/LaunchScreen.storyboard; sourceTree = "<group>"; };
		D5321C791E1536830060C3F8 /* Info.plist */ = {isa = PBXFileReference; lastKnownFileType = text.plist.xml; path = Info.plist; sourceTree = "<group>"; };
		D5321C7E1E1536830060C3F8 /* ex2-1-16Tests.xctest */ = {isa = PBXFileReference; explicitFileType = wrapper.cfbundle; includeInIndex = 0; path = "ex2-1-16Tests.xctest"; sourceTree = BUILT_PRODUCTS_DIR; };
		D5321C821E1536830060C3F8 /* ex2_1_16Tests.m */ = {isa = PBXFileReference; lastKnownFileType = sourcecode.c.objc; path = ex2_1_16Tests.m; sourceTree = "<group>"; };
		D5321C841E1536830060C3F8 /* Info.plist */ = {isa = PBXFileReference; lastKnownFileType = text.plist.xml; path = Info.plist; sourceTree = "<group>"; };
		D5321C891E1536830060C3F8 /* ex2-1-16UITests.xctest */ = {isa = PBXFileReference; explicitFileType = wrapper.cfbundle; includeInIndex = 0; path = "ex2-1-16UITests.xctest"; sourceTree = BUILT_PRODUCTS_DIR; };
		D5321C8D1E1536830060C3F8 /* ex2_1_16UITests.m */ = {isa = PBXFileReference; lastKnownFileType = sourcecode.c.objc; path = ex2_1_16UITests.m; sourceTree = "<group>"; };
		D5321C8F1E1536830060C3F8 /* Info.plist */ = {isa = PBXFileReference; lastKnownFileType = text.plist.xml; path = Info.plist; sourceTree = "<group>"; };
/* End PBXFileReference section */

/* Begin PBXFrameworksBuildPhase section */
		D5321C621E1536820060C3F8 /* Frameworks */ = {
			isa = PBXFrameworksBuildPhase;
			buildActionMask = 2147483647;
			files = (
			);
			runOnlyForDeploymentPostprocessing = 0;
		};
		D5321C7B1E1536830060C3F8 /* Frameworks */ = {
			isa = PBXFrameworksBuildPhase;
			buildActionMask = 2147483647;
			files = (
			);
			runOnlyForDeploymentPostprocessing = 0;
		};
		D5321C861E1536830060C3F8 /* Frameworks */ = {
			isa = PBXFrameworksBuildPhase;
			buildActionMask = 2147483647;
			files = (
			);
			runOnlyForDeploymentPostprocessing = 0;
		};
/* End PBXFrameworksBuildPhase section */

/* Begin PBXGroup section */
		D5321C5C1E1536820060C3F8 = {
			isa = PBXGroup;
			children = (
				D5321C671E1536830060C3F8 /* ex2-1-16 */,
				D5321C811E1536830060C3F8 /* ex2-1-16Tests */,
				D5321C8C1E1536830060C3F8 /* ex2-1-16UITests */,
				D5321C661E1536830060C3F8 /* Products */,
			);
			sourceTree = "<group>";
		};
		D5321C661E1536830060C3F8 /* Products */ = {
			isa = PBXGroup;
			children = (
				D5321C651E1536830060C3F8 /* ex2-1-16.app */,
				D5321C7E1E1536830060C3F8 /* ex2-1-16Tests.xctest */,
				D5321C891E1536830060C3F8 /* ex2-1-16UITests.xctest */,
			);
			name = Products;
			sourceTree = "<group>";
		};
		D5321C671E1536830060C3F8 /* ex2-1-16 */ = {
			isa = PBXGroup;
			children = (
				D5321C6B1E1536830060C3F8 /* AppDelegate.h */,
				D5321C6C1E1536830060C3F8 /* AppDelegate.m */,
				D5321C6E1E1536830060C3F8 /* ViewController.h */,
				D5321C6F1E1536830060C3F8 /* ViewController.m */,
				D5321C711E1536830060C3F8 /* Main.storyboard */,
				D5321C741E1536830060C3F8 /* Assets.xcassets */,
				D5321C761E1536830060C3F8 /* LaunchScreen.storyboard */,
				D5321C791E1536830060C3F8 /* Info.plist */,
				D5321C681E1536830060C3F8 /* Supporting Files */,
			);
			path = "ex2-1-16";
			sourceTree = "<group>";
		};
		D5321C681E1536830060C3F8 /* Supporting Files */ = {
			isa = PBXGroup;
			children = (
				D5321C691E1536830060C3F8 /* main.m */,
			);
			name = "Supporting Files";
			sourceTree = "<group>";
		};
		D5321C811E1536830060C3F8 /* ex2-1-16Tests */ = {
			isa = PBXGroup;
			children = (
				D5321C821E1536830060C3F8 /* ex2_1_16Tests.m */,
				D5321C841E1536830060C3F8 /* Info.plist */,
			);
			path = "ex2-1-16Tests";
			sourceTree = "<group>";
		};
		D5321C8C1E1536830060C3F8 /* ex2-1-16UITests */ = {
			isa = PBXGroup;
			children = (
				D5321C8D1E1536830060C3F8 /* ex2_1_16UITests.m */,
				D5321C8F1E1536830060C3F8 /* Info.plist */,
			);
			path = "ex2-1-16UITests";
			sourceTree = "<group>";
		};
/* End PBXGroup section */

/* Begin PBXNativeTarget section */
		D5321C641E1536820060C3F8 /* ex2-1-16 */ = {
			isa = PBXNativeTarget;
			buildConfigurationList = D5321C921E1536830060C3F8 /* Build configuration list for PBXNativeTarget "ex2-1-16" */;
			buildPhases = (
				D5321C611E1536820060C3F8 /* Sources */,
				D5321C621E1536820060C3F8 /* Frameworks */,
				D5321C631E1536820060C3F8 /* Resources */,
			);
			buildRules = (
			);
			dependencies = (
			);
			name = "ex2-1-16";
			productName = "ex2-1-16";
			productReference = D5321C651E1536830060C3F8 /* ex2-1-16.app */;
			productType = "com.apple.product-type.application";
		};
		D5321C7D1E1536830060C3F8 /* ex2-1-16Tests */ = {
			isa = PBXNativeTarget;
			buildConfigurationList = D5321C951E1536830060C3F8 /* Build configuration list for PBXNativeTarget "ex2-1-16Tests" */;
			buildPhases = (
				D5321C7A1E1536830060C3F8 /* Sources */,
				D5321C7B1E1536830060C3F8 /* Frameworks */,
				D5321C7C1E1536830060C3F8 /* Resources */,
			);
			buildRules = (
			);
			dependencies = (
				D5321C801E1536830060C3F8 /* PBXTargetDependency */,
			);
			name = "ex2-1-16Tests";
			productName = "ex2-1-16Tests";
			productReference = D5321C7E1E1536830060C3F8 /* ex2-1-16Tests.xctest */;
			productType = "com.apple.product-type.bundle.unit-test";
		};
		D5321C881E1536830060C3F8 /* ex2-1-16UITests */ = {
			isa = PBXNativeTarget;
			buildConfigurationList = D5321C981E1536830060C3F8 /* Build configuration list for PBXNativeTarget "ex2-1-16UITests" */;
			buildPhases = (
				D5321C851E1536830060C3F8 /* Sources */,
				D5321C861E1536830060C3F8 /* Frameworks */,
				D5321C871E1536830060C3F8 /* Resources */,
			);
			buildRules = (
			);
			dependencies = (
				D5321C8B1E1536830060C3F8 /* PBXTargetDependency */,
			);
			name = "ex2-1-16UITests";
			productName = "ex2-1-16UITests";
			productReference = D5321C891E1536830060C3F8 /* ex2-1-16UITests.xctest */;
			productType = "com.apple.product-type.bundle.ui-testing";
		};
/* End PBXNativeTarget section */

/* Begin PBXProject section */
		D5321C5D1E1536820060C3F8 /* Project object */ = {
			isa = PBXProject;
			attributes = {
				LastUpgradeCheck = 0730;
				ORGANIZATIONNAME = Nakanishi;
				TargetAttributes = {
					D5321C641E1536820060C3F8 = {
						CreatedOnToolsVersion = 7.3;
					};
					D5321C7D1E1536830060C3F8 = {
						CreatedOnToolsVersion = 7.3;
						TestTargetID = D5321C641E1536820060C3F8;
					};
					D5321C881E1536830060C3F8 = {
						CreatedOnToolsVersion = 7.3;
						TestTargetID = D5321C641E1536820060C3F8;
					};
				};
			};
			buildConfigurationList = D5321C601E1536820060C3F8 /* Build configuration list for PBXProject "ex2-1-16" */;
			compatibilityVersion = "Xcode 3.2";
			developmentRegion = English;
			hasScannedForEncodings = 0;
			knownRegions = (
				en,
				Base,
			);
			mainGroup = D5321C5C1E1536820060C3F8;
			productRefGroup = D5321C661E1536830060C3F8 /* Products */;
			projectDirPath = "";
			projectRoot = "";
			targets = (
				D5321C641E1536820060C3F8 /* ex2-1-16 */,
				D5321C7D1E1536830060C3F8 /* ex2-1-16Tests */,
				D5321C881E1536830060C3F8 /* ex2-1-16UITests */,
			);
		};
/* End PBXProject section */

/* Begin PBXResourcesBuildPhase section */
		D5321C631E1536820060C3F8 /* Resources */ = {
			isa = PBXResourcesBuildPhase;
			buildActionMask = 2147483647;
			files = (
				D5321C781E1536830060C3F8 /* LaunchScreen.storyboard in Resources */,
				D5321C751E1536830060C3F8 /* Assets.xcassets in Resources */,
				D5321C731E1536830060C3F8 /* Main.storyboard in Resources */,
			);
			runOnlyForDeploymentPostprocessing = 0;
		};
		D5321C7C1E1536830060C3F8 /* Resources */ = {
			isa = PBXResourcesBuildPhase;
			buildActionMask = 2147483647;
			files = (
			);
			runOnlyForDeploymentPostprocessing = 0;
		};
		D5321C871E1536830060C3F8 /* Resources */ = {
			isa = PBXResourcesBuildPhase;
			buildActionMask = 2147483647;
			files = (
			);
			runOnlyForDeploymentPostprocessing = 0;
		};
/* End PBXResourcesBuildPhase section */

/* Begin PBXSourcesBuildPhase section */
		D5321C611E1536820060C3F8 /* Sources */ = {
			isa = PBXSourcesBuildPhase;
			buildActionMask = 2147483647;
			files = (
				D5321C701E1536830060C3F8 /* ViewController.m in Sources */,
				D5321C6D1E1536830060C3F8 /* AppDelegate.m in Sources */,
				D5321C6A1E1536830060C3F8 /* main.m in Sources */,
			);
			runOnlyForDeploymentPostprocessing = 0;
		};
		D5321C7A1E1536830060C3F8 /* Sources */ = {
			isa = PBXSourcesBuildPhase;
			buildActionMask = 2147483647;
			files = (
				D5321C831E1536830060C3F8 /* ex2_1_16Tests.m in Sources */,
			);
			runOnlyForDeploymentPostprocessing = 0;
		};
		D5321C851E1536830060C3F8 /* Sources */ = {
			isa = PBXSourcesBuildPhase;
			buildActionMask = 2147483647;
			files = (
				D5321C8E1E1536830060C3F8 /* ex2_1_16UITests.m in Sources */,
			);
			runOnlyForDeploymentPostprocessing = 0;
		};
/* End PBXSourcesBuildPhase section */

/* Begin PBXTargetDependency section */
		D5321C801E1536830060C3F8 /* PBXTargetDependency */ = {
			isa = PBXTargetDependency;
			target = D5321C641E1536820060C3F8 /* ex2-1-16 */;
			targetProxy = D5321C7F1E1536830060C3F8 /* PBXContainerItemProxy */;
		};
		D5321C8B1E1536830060C3F8 /* PBXTargetDependency */ = {
			isa = PBXTargetDependency;
			target = D5321C641E1536820060C3F8 /* ex2-1-16 */;
			targetProxy = D5321C8A1E1536830060C3F8 /* PBXContainerItemProxy */;
		};
/* End PBXTargetDependency section */

/* Begin PBXVariantGroup section */
		D5321C711E1536830060C3F8 /* Main.storyboard */ = {
			isa = PBXVariantGroup;
			children = (
				D5321C721E1536830060C3F8 /* Base */,
			);
			name = Main.storyboard;
			sourceTree = "<group>";
		};
		D5321C761E1536830060C3F8 /* LaunchScreen.storyboard */ = {
			isa = PBXVariantGroup;
			children = (
				D5321C771E1536830060C3F8 /* Base */,
			);
			name = LaunchScreen.storyboard;
			sourceTree = "<group>";
		};
/* End PBXVariantGroup section */

/* Begin XCBuildConfiguration section */
		D5321C901E1536830060C3F8 /* Debug */ = {
			isa = XCBuildConfiguration;
			buildSettings = {
				ALWAYS_SEARCH_USER_PATHS = NO;
				CLANG_ANALYZER_NONNULL = YES;
				CLANG_CXX_LANGUAGE_STANDARD = "gnu++0x";
				CLANG_CXX_LIBRARY = "libc++";
				CLANG_ENABLE_MODULES = YES;
				CLANG_ENABLE_OBJC_ARC = YES;
				CLANG_WARN_BOOL_CONVERSION = YES;
				CLANG_WARN_CONSTANT_CONVERSION = YES;
				CLANG_WARN_DIRECT_OBJC_ISA_USAGE = YES_ERROR;
				CLANG_WARN_EMPTY_BODY = YES;
				CLANG_WARN_ENUM_CONVERSION = YES;
				CLANG_WARN_INT_CONVERSION = YES;
				CLANG_WARN_OBJC_ROOT_CLASS = YES_ERROR;
				CLANG_WARN_UNREACHABLE_CODE = YES;
				CLANG_WARN__DUPLICATE_METHOD_MATCH = YES;
				"CODE_SIGN_IDENTITY[sdk=iphoneos*]" = "iPhone Developer";
				COPY_PHASE_STRIP = NO;
				DEBUG_INFORMATION_FORMAT = dwarf;
				ENABLE_STRICT_OBJC_MSGSEND = YES;
				ENABLE_TESTABILITY = YES;
				GCC_C_LANGUAGE_STANDARD = gnu99;
				GCC_DYNAMIC_NO_PIC = NO;
				GCC_NO_COMMON_BLOCKS = YES;
				GCC_OPTIMIZATION_LEVEL = 0;
				GCC_PREPROCESSOR_DEFINITIONS = (
					"DEBUG=1",
					"$(inherited)",
				);
				GCC_WARN_64_TO_32_BIT_CONVERSION = YES;
				GCC_WARN_ABOUT_RETURN_TYPE = YES_ERROR;
				GCC_WARN_UNDECLARED_SELECTOR = YES;
				GCC_WARN_UNINITIALIZED_AUTOS = YES_AGGRESSIVE;
				GCC_WARN_UNUSED_FUNCTION = YES;
				GCC_WARN_UNUSED_VARIABLE = YES;
				IPHONEOS_DEPLOYMENT_TARGET = 9.3;
				MTL_ENABLE_DEBUG_INFO = YES;
				ONLY_ACTIVE_ARCH = YES;
				SDKROOT = iphoneos;
				TARGETED_DEVICE_FAMILY = "1,2";
			};
			name = Debug;
		};
		D5321C911E1536830060C3F8 /* Release */ = {
			isa = XCBuildConfiguration;
			buildSettings = {
				ALWAYS_SEARCH_USER_PATHS = NO;
				CLANG_ANALYZER_NONNULL = YES;
				CLANG_CXX_LANGUAGE_STANDARD = "gnu++0x";
				CLANG_CXX_LIBRARY = "libc++";
				CLANG_ENABLE_MODULES = YES;
				CLANG_ENABLE_OBJC_ARC = YES;
				CLANG_WARN_BOOL_CONVERSION = YES;
				CLANG_WARN_CONSTANT_CONVERSION = YES;
				CLANG_WARN_DIRECT_OBJC_ISA_USAGE = YES_ERROR;
				CLANG_WARN_EMPTY_BODY = YES;
				CLANG_WARN_ENUM_CONVERSION = YES;
				CLANG_WARN_INT_CONVERSION = YES;
				CLANG_WARN_OBJC_ROOT_CLASS = YES_ERROR;
				CLANG_WARN_UNREACHABLE_CODE = YES;
				CLANG_WARN__DUPLICATE_METHOD_MATCH = YES;
				"CODE_SIGN_IDENTITY[sdk=iphoneos*]" = "iPhone Developer";
				COPY_PHASE_STRIP = NO;
				DEBUG_INFORMATION_FORMAT = "dwarf-with-dsym";
				ENABLE_NS_ASSERTIONS = NO;
				ENABLE_STRICT_OBJC_MSGSEND = YES;
				GCC_C_LANGUAGE_STANDARD = gnu99;
				GCC_NO_COMMON_BLOCKS = YES;
				GCC_WARN_64_TO_32_BIT_CONVERSION = YES;
				GCC_WARN_ABOUT_RETURN_TYPE = YES_ERROR;
				GCC_WARN_UNDECLARED_SELECTOR = YES;
				GCC_WARN_UNINITIALIZED_AUTOS = YES_AGGRESSIVE;
				GCC_WARN_UNUSED_FUNCTION = YES;
				GCC_WARN_UNUSED_VARIABLE = YES;
				IPHONEOS_DEPLOYMENT_TARGET = 9.3;
				MTL_ENABLE_DEBUG_INFO = NO;
				SDKROOT = iphoneos;
				TARGETED_DEVICE_FAMILY = "1,2";
				VALIDATE_PRODUCT = YES;
			};
			name = Release;
		};
		D5321C931E1536830060C3F8 /* Debug */ = {
			isa = XCBuildConfiguration;
			buildSettings = {
				ASSETCATALOG_COMPILER_APPICON_NAME = AppIcon;
				INFOPLIST_FILE = "ex2-1-16/Info.plist";
				LD_RUNPATH_SEARCH_PATHS = "$(inherited) @executable_path/Frameworks";
				PRODUCT_BUNDLE_IDENTIFIER = "com.example.ex2-1-16";
				PRODUCT_NAME = "$(TARGET_NAME)";
			};
			name = Debug;
		};
		D5321C941E1536830060C3F8 /* Release */ = {
			isa = XCBuildConfiguration;
			buildSettings = {
				ASSETCATALOG_COMPILER_APPICON_NAME = AppIcon;
				INFOPLIST_FILE = "ex2-1-16/Info.plist";
				LD_RUNPATH_SEARCH_PATHS = "$(inherited) @executable_path/Frameworks";
				PRODUCT_BUNDLE_IDENTIFIER = "com.example.ex2-1-16";
				PRODUCT_NAME = "$(TARGET_NAME)";
			};
			name = Release;
		};
		D5321C961E1536830060C3F8 /* Debug */ = {
			isa = XCBuildConfiguration;
			buildSettings = {
				BUNDLE_LOADER = "$(TEST_HOST)";
				INFOPLIST_FILE = "ex2-1-16Tests/Info.plist";
				LD_RUNPATH_SEARCH_PATHS = "$(inherited) @executable_path/Frameworks @loader_path/Frameworks";
				PRODUCT_BUNDLE_IDENTIFIER = "com.example.ex2-1-16Tests";
				PRODUCT_NAME = "$(TARGET_NAME)";
				TEST_HOST = "$(BUILT_PRODUCTS_DIR)/ex2-1-16.app/ex2-1-16";
			};
			name = Debug;
		};
		D5321C971E1536830060C3F8 /* Release */ = {
			isa = XCBuildConfiguration;
			buildSettings = {
				BUNDLE_LOADER = "$(TEST_HOST)";
				INFOPLIST_FILE = "ex2-1-16Tests/Info.plist";
				LD_RUNPATH_SEARCH_PATHS = "$(inherited) @executable_path/Frameworks @loader_path/Frameworks";
				PRODUCT_BUNDLE_IDENTIFIER = "com.example.ex2-1-16Tests";
				PRODUCT_NAME = "$(TARGET_NAME)";
				TEST_HOST = "$(BUILT_PRODUCTS_DIR)/ex2-1-16.app/ex2-1-16";
			};
			name = Release;
		};
		D5321C991E1536830060C3F8 /* Debug */ = {
			isa = XCBuildConfiguration;
			buildSettings = {
				INFOPLIST_FILE = "ex2-1-16UITests/Info.plist";
				LD_RUNPATH_SEARCH_PATHS = "$(inherited) @executable_path/Frameworks @loader_path/Frameworks";
				PRODUCT_BUNDLE_IDENTIFIER = "com.example.ex2-1-16UITests";
				PRODUCT_NAME = "$(TARGET_NAME)";
				TEST_TARGET_NAME = "ex2-1-16";
			};
			name = Debug;
		};
		D5321C9A1E1536830060C3F8 /* Release */ = {
			isa = XCBuildConfiguration;
			buildSettings = {
				INFOPLIST_FILE = "ex2-1-16UITests/Info.plist";
				LD_RUNPATH_SEARCH_PATHS = "$(inherited) @executable_path/Frameworks @loader_path/Frameworks";
				PRODUCT_BUNDLE_IDENTIFIER = "com.example.ex2-1-16UITests";
				PRODUCT_NAME = "$(TARGET_NAME)";
				TEST_TARGET_NAME = "ex2-1-16";
			};
			name = Release;
		};
/* End XCBuildConfiguration section */

/* Begin XCConfigurationList section */
		D5321C601E1536820060C3F8 /* Build configuration list for PBXProject "ex2-1-16" */ = {
			isa = XCConfigurationList;
			buildConfigurations = (
				D5321C901E1536830060C3F8 /* Debug */,
				D5321C911E1536830060C3F8 /* Release */,
			);
			defaultConfigurationIsVisible = 0;
			defaultConfigurationName = Release;
		};
		D5321C921E1536830060C3F8 /* Build configuration list for PBXNativeTarget "ex2-1-16" */ = {
			isa = XCConfigurationList;
			buildConfigurations = (
				D5321C931E1536830060C3F8 /* Debug */,
				D5321C941E1536830060C3F8 /* Release */,
			);
			defaultConfigurationIsVisible = 0;
		};
		D5321C951E1536830060C3F8 /* Build configuration list for PBXNativeTarget "ex2-1-16Tests" */ = {
			isa = XCConfigurationList;
			buildConfigurations = (
				D5321C961E1536830060C3F8 /* Debug */,
				D5321C971E1536830060C3F8 /* Release */,
			);
			defaultConfigurationIsVisible = 0;
		};
		D5321C981E1536830060C3F8 /* Build configuration list for PBXNativeTarget "ex2-1-16UITests" */ = {
			isa = XCConfigurationList;
			buildConfigurations = (
				D5321C991E1536830060C3F8 /* Debug */,
				D5321C9A1E1536830060C3F8 /* Release */,
			);
			defaultConfigurationIsVisible = 0;
		};
/* End XCConfigurationList section */
	};
	rootObject = D5321C5D1E1536820060C3F8 /* Project object */;
}
