// !$*UTF8*$!
{
	archiveVersion = 1;
	classes = {
	};
	objectVersion = 46;
	objects = {

/* Begin PBXBuildFile section */
		71E388B51E07B9080086F4B9 /* main.m in Sources */ = {isa = PBXBuildFile; fileRef = 71E388B41E07B9080086F4B9 /* main.m */; };
		71E388B81E07B9080086F4B9 /* AppDelegate.m in Sources */ = {isa = PBXBuildFile; fileRef = 71E388B71E07B9080086F4B9 /* AppDelegate.m */; };
		71E388BB1E07B9080086F4B9 /* ViewController.m in Sources */ = {isa = PBXBuildFile; fileRef = 71E388BA1E07B9080086F4B9 /* ViewController.m */; };
		71E388BE1E07B9080086F4B9 /* Main.storyboard in Resources */ = {isa = PBXBuildFile; fileRef = 71E388BC1E07B9080086F4B9 /* Main.storyboard */; };
		71E388C01E07B9080086F4B9 /* Assets.xcassets in Resources */ = {isa = PBXBuildFile; fileRef = 71E388BF1E07B9080086F4B9 /* Assets.xcassets */; };
		71E388C31E07B9080086F4B9 /* LaunchScreen.storyboard in Resources */ = {isa = PBXBuildFile; fileRef = 71E388C11E07B9080086F4B9 /* LaunchScreen.storyboard */; };
		71E388CE1E07B9080086F4B9 /* ex2_1_1Tests.m in Sources */ = {isa = PBXBuildFile; fileRef = 71E388CD1E07B9080086F4B9 /* ex2_1_1Tests.m */; };
		71E388D91E07B9080086F4B9 /* ex2_1_1UITests.m in Sources */ = {isa = PBXBuildFile; fileRef = 71E388D81E07B9080086F4B9 /* ex2_1_1UITests.m */; };
		71E388E71E07C7D10086F4B9 /* Localizable.strings in Resources */ = {isa = PBXBuildFile; fileRef = 71E388E61E07C7D10086F4B9 /* Localizable.strings */; };
/* End PBXBuildFile section */

/* Begin PBXContainerItemProxy section */
		71E388CA1E07B9080086F4B9 /* PBXContainerItemProxy */ = {
			isa = PBXContainerItemProxy;
			containerPortal = 71E388A81E07B9080086F4B9 /* Project object */;
			proxyType = 1;
			remoteGlobalIDString = 71E388AF1E07B9080086F4B9;
			remoteInfo = "ex2-1-1";
		};
		71E388D51E07B9080086F4B9 /* PBXContainerItemProxy */ = {
			isa = PBXContainerItemProxy;
			containerPortal = 71E388A81E07B9080086F4B9 /* Project object */;
			proxyType = 1;
			remoteGlobalIDString = 71E388AF1E07B9080086F4B9;
			remoteInfo = "ex2-1-1";
		};
/* End PBXContainerItemProxy section */

/* Begin PBXFileReference section */
		71E388B01E07B9080086F4B9 /* ex2-1-1.app */ = {isa = PBXFileReference; explicitFileType = wrapper.application; includeInIndex = 0; path = "ex2-1-1.app"; sourceTree = BUILT_PRODUCTS_DIR; };
		71E388B41E07B9080086F4B9 /* main.m */ = {isa = PBXFileReference; lastKnownFileType = sourcecode.c.objc; path = main.m; sourceTree = "<group>"; };
		71E388B61E07B9080086F4B9 /* AppDelegate.h */ = {isa = PBXFileReference; lastKnownFileType = sourcecode.c.h; path = AppDelegate.h; sourceTree = "<group>"; };
		71E388B71E07B9080086F4B9 /* AppDelegate.m */ = {isa = PBXFileReference; lastKnownFileType = sourcecode.c.objc; path = AppDelegate.m; sourceTree = "<group>"; };
		71E388B91E07B9080086F4B9 /* ViewController.h */ = {isa = PBXFileReference; lastKnownFileType = sourcecode.c.h; path = ViewController.h; sourceTree = "<group>"; };
		71E388BA1E07B9080086F4B9 /* ViewController.m */ = {isa = PBXFileReference; lastKnownFileType = sourcecode.c.objc; path = ViewController.m; sourceTree = "<group>"; };
		71E388BD1E07B9080086F4B9 /* Base */ = {isa = PBXFileReference; lastKnownFileType = file.storyboard; name = Base; path = Base.lproj/Main.storyboard; sourceTree = "<group>"; };
		71E388BF1E07B9080086F4B9 /* Assets.xcassets */ = {isa = PBXFileReference; lastKnownFileType = folder.assetcatalog; path = Assets.xcassets; sourceTree = "<group>"; };
		71E388C21E07B9080086F4B9 /* Base */ = {isa = PBXFileReference; lastKnownFileType = file.storyboard; name = Base; path = Base.lproj/LaunchScreen.storyboard; sourceTree = "<group>"; };
		71E388C41E07B9080086F4B9 /* Info.plist */ = {isa = PBXFileReference; lastKnownFileType = text.plist.xml; path = Info.plist; sourceTree = "<group>"; };
		71E388C91E07B9080086F4B9 /* ex2-1-1Tests.xctest */ = {isa = PBXFileReference; explicitFileType = wrapper.cfbundle; includeInIndex = 0; path = "ex2-1-1Tests.xctest"; sourceTree = BUILT_PRODUCTS_DIR; };
		71E388CD1E07B9080086F4B9 /* ex2_1_1Tests.m */ = {isa = PBXFileReference; lastKnownFileType = sourcecode.c.objc; path = ex2_1_1Tests.m; sourceTree = "<group>"; };
		71E388CF1E07B9080086F4B9 /* Info.plist */ = {isa = PBXFileReference; lastKnownFileType = text.plist.xml; path = Info.plist; sourceTree = "<group>"; };
		71E388D41E07B9080086F4B9 /* ex2-1-1UITests.xctest */ = {isa = PBXFileReference; explicitFileType = wrapper.cfbundle; includeInIndex = 0; path = "ex2-1-1UITests.xctest"; sourceTree = BUILT_PRODUCTS_DIR; };
		71E388D81E07B9080086F4B9 /* ex2_1_1UITests.m */ = {isa = PBXFileReference; lastKnownFileType = sourcecode.c.objc; path = ex2_1_1UITests.m; sourceTree = "<group>"; };
		71E388DA1E07B9080086F4B9 /* Info.plist */ = {isa = PBXFileReference; lastKnownFileType = text.plist.xml; path = Info.plist; sourceTree = "<group>"; };
		71E388E61E07C7D10086F4B9 /* Localizable.strings */ = {isa = PBXFileReference; fileEncoding = 4; lastKnownFileType = text.plist.strings; path = Localizable.strings; sourceTree = "<group>"; };
/* End PBXFileReference section */

/* Begin PBXFrameworksBuildPhase section */
		71E388AD1E07B9080086F4B9 /* Frameworks */ = {
			isa = PBXFrameworksBuildPhase;
			buildActionMask = 2147483647;
			files = (
			);
			runOnlyForDeploymentPostprocessing = 0;
		};
		71E388C61E07B9080086F4B9 /* Frameworks */ = {
			isa = PBXFrameworksBuildPhase;
			buildActionMask = 2147483647;
			files = (
			);
			runOnlyForDeploymentPostprocessing = 0;
		};
		71E388D11E07B9080086F4B9 /* Frameworks */ = {
			isa = PBXFrameworksBuildPhase;
			buildActionMask = 2147483647;
			files = (
			);
			runOnlyForDeploymentPostprocessing = 0;
		};
/* End PBXFrameworksBuildPhase section */

/* Begin PBXGroup section */
		71E388A71E07B9080086F4B9 = {
			isa = PBXGroup;
			children = (
				71E388B21E07B9080086F4B9 /* ex2-1-1 */,
				71E388CC1E07B9080086F4B9 /* ex2-1-1Tests */,
				71E388D71E07B9080086F4B9 /* ex2-1-1UITests */,
				71E388B11E07B9080086F4B9 /* Products */,
			);
			sourceTree = "<group>";
		};
		71E388B11E07B9080086F4B9 /* Products */ = {
			isa = PBXGroup;
			children = (
				71E388B01E07B9080086F4B9 /* ex2-1-1.app */,
				71E388C91E07B9080086F4B9 /* ex2-1-1Tests.xctest */,
				71E388D41E07B9080086F4B9 /* ex2-1-1UITests.xctest */,
			);
			name = Products;
			sourceTree = "<group>";
		};
		71E388B21E07B9080086F4B9 /* ex2-1-1 */ = {
			isa = PBXGroup;
			children = (
				71E388B61E07B9080086F4B9 /* AppDelegate.h */,
				71E388B71E07B9080086F4B9 /* AppDelegate.m */,
				71E388B91E07B9080086F4B9 /* ViewController.h */,
				71E388BA1E07B9080086F4B9 /* ViewController.m */,
				71E388BC1E07B9080086F4B9 /* Main.storyboard */,
				71E388BF1E07B9080086F4B9 /* Assets.xcassets */,
				71E388C11E07B9080086F4B9 /* LaunchScreen.storyboard */,
				71E388C41E07B9080086F4B9 /* Info.plist */,
				71E388B31E07B9080086F4B9 /* Supporting Files */,
			);
			path = "ex2-1-1";
			sourceTree = "<group>";
		};
		71E388B31E07B9080086F4B9 /* Supporting Files */ = {
			isa = PBXGroup;
			children = (
				71E388B41E07B9080086F4B9 /* main.m */,
				71E388E61E07C7D10086F4B9 /* Localizable.strings */,
			);
			name = "Supporting Files";
			sourceTree = "<group>";
		};
		71E388CC1E07B9080086F4B9 /* ex2-1-1Tests */ = {
			isa = PBXGroup;
			children = (
				71E388CD1E07B9080086F4B9 /* ex2_1_1Tests.m */,
				71E388CF1E07B9080086F4B9 /* Info.plist */,
			);
			path = "ex2-1-1Tests";
			sourceTree = "<group>";
		};
		71E388D71E07B9080086F4B9 /* ex2-1-1UITests */ = {
			isa = PBXGroup;
			children = (
				71E388D81E07B9080086F4B9 /* ex2_1_1UITests.m */,
				71E388DA1E07B9080086F4B9 /* Info.plist */,
			);
			path = "ex2-1-1UITests";
			sourceTree = "<group>";
		};
/* End PBXGroup section */

/* Begin PBXNativeTarget section */
		71E388AF1E07B9080086F4B9 /* ex2-1-1 */ = {
			isa = PBXNativeTarget;
			buildConfigurationList = 71E388DD1E07B9080086F4B9 /* Build configuration list for PBXNativeTarget "ex2-1-1" */;
			buildPhases = (
				71E388AC1E07B9080086F4B9 /* Sources */,
				71E388AD1E07B9080086F4B9 /* Frameworks */,
				71E388AE1E07B9080086F4B9 /* Resources */,
			);
			buildRules = (
			);
			dependencies = (
			);
			name = "ex2-1-1";
			productName = "ex2-1-1";
			productReference = 71E388B01E07B9080086F4B9 /* ex2-1-1.app */;
			productType = "com.apple.product-type.application";
		};
		71E388C81E07B9080086F4B9 /* ex2-1-1Tests */ = {
			isa = PBXNativeTarget;
			buildConfigurationList = 71E388E01E07B9080086F4B9 /* Build configuration list for PBXNativeTarget "ex2-1-1Tests" */;
			buildPhases = (
				71E388C51E07B9080086F4B9 /* Sources */,
				71E388C61E07B9080086F4B9 /* Frameworks */,
				71E388C71E07B9080086F4B9 /* Resources */,
			);
			buildRules = (
			);
			dependencies = (
				71E388CB1E07B9080086F4B9 /* PBXTargetDependency */,
			);
			name = "ex2-1-1Tests";
			productName = "ex2-1-1Tests";
			productReference = 71E388C91E07B9080086F4B9 /* ex2-1-1Tests.xctest */;
			productType = "com.apple.product-type.bundle.unit-test";
		};
		71E388D31E07B9080086F4B9 /* ex2-1-1UITests */ = {
			isa = PBXNativeTarget;
			buildConfigurationList = 71E388E31E07B9080086F4B9 /* Build configuration list for PBXNativeTarget "ex2-1-1UITests" */;
			buildPhases = (
				71E388D01E07B9080086F4B9 /* Sources */,
				71E388D11E07B9080086F4B9 /* Frameworks */,
				71E388D21E07B9080086F4B9 /* Resources */,
			);
			buildRules = (
			);
			dependencies = (
				71E388D61E07B9080086F4B9 /* PBXTargetDependency */,
			);
			name = "ex2-1-1UITests";
			productName = "ex2-1-1UITests";
			productReference = 71E388D41E07B9080086F4B9 /* ex2-1-1UITests.xctest */;
			productType = "com.apple.product-type.bundle.ui-testing";
		};
/* End PBXNativeTarget section */

/* Begin PBXProject section */
		71E388A81E07B9080086F4B9 /* Project object */ = {
			isa = PBXProject;
			attributes = {
				LastUpgradeCheck = 0730;
				ORGANIZATIONNAME = "ITユーザー";
				TargetAttributes = {
					71E388AF1E07B9080086F4B9 = {
						CreatedOnToolsVersion = 7.3;
					};
					71E388C81E07B9080086F4B9 = {
						CreatedOnToolsVersion = 7.3;
						TestTargetID = 71E388AF1E07B9080086F4B9;
					};
					71E388D31E07B9080086F4B9 = {
						CreatedOnToolsVersion = 7.3;
						TestTargetID = 71E388AF1E07B9080086F4B9;
					};
				};
			};
			buildConfigurationList = 71E388AB1E07B9080086F4B9 /* Build configuration list for PBXProject "ex2-1-1" */;
			compatibilityVersion = "Xcode 3.2";
			developmentRegion = English;
			hasScannedForEncodings = 0;
			knownRegions = (
				en,
				Base,
			);
			mainGroup = 71E388A71E07B9080086F4B9;
			productRefGroup = 71E388B11E07B9080086F4B9 /* Products */;
			projectDirPath = "";
			projectRoot = "";
			targets = (
				71E388AF1E07B9080086F4B9 /* ex2-1-1 */,
				71E388C81E07B9080086F4B9 /* ex2-1-1Tests */,
				71E388D31E07B9080086F4B9 /* ex2-1-1UITests */,
			);
		};
/* End PBXProject section */

/* Begin PBXResourcesBuildPhase section */
		71E388AE1E07B9080086F4B9 /* Resources */ = {
			isa = PBXResourcesBuildPhase;
			buildActionMask = 2147483647;
			files = (
				71E388C31E07B9080086F4B9 /* LaunchScreen.storyboard in Resources */,
				71E388E71E07C7D10086F4B9 /* Localizable.strings in Resources */,
				71E388C01E07B9080086F4B9 /* Assets.xcassets in Resources */,
				71E388BE1E07B9080086F4B9 /* Main.storyboard in Resources */,
			);
			runOnlyForDeploymentPostprocessing = 0;
		};
		71E388C71E07B9080086F4B9 /* Resources */ = {
			isa = PBXResourcesBuildPhase;
			buildActionMask = 2147483647;
			files = (
			);
			runOnlyForDeploymentPostprocessing = 0;
		};
		71E388D21E07B9080086F4B9 /* Resources */ = {
			isa = PBXResourcesBuildPhase;
			buildActionMask = 2147483647;
			files = (
			);
			runOnlyForDeploymentPostprocessing = 0;
		};
/* End PBXResourcesBuildPhase section */

/* Begin PBXSourcesBuildPhase section */
		71E388AC1E07B9080086F4B9 /* Sources */ = {
			isa = PBXSourcesBuildPhase;
			buildActionMask = 2147483647;
			files = (
				71E388BB1E07B9080086F4B9 /* ViewController.m in Sources */,
				71E388B81E07B9080086F4B9 /* AppDelegate.m in Sources */,
				71E388B51E07B9080086F4B9 /* main.m in Sources */,
			);
			runOnlyForDeploymentPostprocessing = 0;
		};
		71E388C51E07B9080086F4B9 /* Sources */ = {
			isa = PBXSourcesBuildPhase;
			buildActionMask = 2147483647;
			files = (
				71E388CE1E07B9080086F4B9 /* ex2_1_1Tests.m in Sources */,
			);
			runOnlyForDeploymentPostprocessing = 0;
		};
		71E388D01E07B9080086F4B9 /* Sources */ = {
			isa = PBXSourcesBuildPhase;
			buildActionMask = 2147483647;
			files = (
				71E388D91E07B9080086F4B9 /* ex2_1_1UITests.m in Sources */,
			);
			runOnlyForDeploymentPostprocessing = 0;
		};
/* End PBXSourcesBuildPhase section */

/* Begin PBXTargetDependency section */
		71E388CB1E07B9080086F4B9 /* PBXTargetDependency */ = {
			isa = PBXTargetDependency;
			target = 71E388AF1E07B9080086F4B9 /* ex2-1-1 */;
			targetProxy = 71E388CA1E07B9080086F4B9 /* PBXContainerItemProxy */;
		};
		71E388D61E07B9080086F4B9 /* PBXTargetDependency */ = {
			isa = PBXTargetDependency;
			target = 71E388AF1E07B9080086F4B9 /* ex2-1-1 */;
			targetProxy = 71E388D51E07B9080086F4B9 /* PBXContainerItemProxy */;
		};
/* End PBXTargetDependency section */

/* Begin PBXVariantGroup section */
		71E388BC1E07B9080086F4B9 /* Main.storyboard */ = {
			isa = PBXVariantGroup;
			children = (
				71E388BD1E07B9080086F4B9 /* Base */,
			);
			name = Main.storyboard;
			sourceTree = "<group>";
		};
		71E388C11E07B9080086F4B9 /* LaunchScreen.storyboard */ = {
			isa = PBXVariantGroup;
			children = (
				71E388C21E07B9080086F4B9 /* Base */,
			);
			name = LaunchScreen.storyboard;
			sourceTree = "<group>";
		};
/* End PBXVariantGroup section */

/* Begin XCBuildConfiguration section */
		71E388DB1E07B9080086F4B9 /* Debug */ = {
			isa = XCBuildConfiguration;
			buildSettings = {
				ALWAYS_SEARCH_USER_PATHS = NO;
				CLANG_ANALYZER_NONNULL = YES;
				CLANG_CXX_LANGUAGE_STANDARD = "gnu++0x";
				CLANG_CXX_LIBRARY = "libc++";
				CLANG_ENABLE_MODULES = YES;
				CLANG_ENABLE_OBJC_ARC = YES;
				CLANG_WARN_BOOL_CONVERSION = YES;
				CLANG_WARN_CONSTANT_CONVERSION = YES;
				CLANG_WARN_DIRECT_OBJC_ISA_USAGE = YES_ERROR;
				CLANG_WARN_EMPTY_BODY = YES;
				CLANG_WARN_ENUM_CONVERSION = YES;
				CLANG_WARN_INT_CONVERSION = YES;
				CLANG_WARN_OBJC_ROOT_CLASS = YES_ERROR;
				CLANG_WARN_UNREACHABLE_CODE = YES;
				CLANG_WARN__DUPLICATE_METHOD_MATCH = YES;
				"CODE_SIGN_IDENTITY[sdk=iphoneos*]" = "iPhone Developer";
				COPY_PHASE_STRIP = NO;
				DEBUG_INFORMATION_FORMAT = dwarf;
				ENABLE_STRICT_OBJC_MSGSEND = YES;
				ENABLE_TESTABILITY = YES;
				GCC_C_LANGUAGE_STANDARD = gnu99;
				GCC_DYNAMIC_NO_PIC = NO;
				GCC_NO_COMMON_BLOCKS = YES;
				GCC_OPTIMIZATION_LEVEL = 0;
				GCC_PREPROCESSOR_DEFINITIONS = (
					"DEBUG=1",
					"$(inherited)",
				);
				GCC_WARN_64_TO_32_BIT_CONVERSION = YES;
				GCC_WARN_ABOUT_RETURN_TYPE = YES_ERROR;
				GCC_WARN_UNDECLARED_SELECTOR = YES;
				GCC_WARN_UNINITIALIZED_AUTOS = YES_AGGRESSIVE;
				GCC_WARN_UNUSED_FUNCTION = YES;
				GCC_WARN_UNUSED_VARIABLE = YES;
				IPHONEOS_DEPLOYMENT_TARGET = 9.3;
				MTL_ENABLE_DEBUG_INFO = YES;
				ONLY_ACTIVE_ARCH = YES;
				SDKROOT = iphoneos;
				TARGETED_DEVICE_FAMILY = "1,2";
			};
			name = Debug;
		};
		71E388DC1E07B9080086F4B9 /* Release */ = {
			isa = XCBuildConfiguration;
			buildSettings = {
				ALWAYS_SEARCH_USER_PATHS = NO;
				CLANG_ANALYZER_NONNULL = YES;
				CLANG_CXX_LANGUAGE_STANDARD = "gnu++0x";
				CLANG_CXX_LIBRARY = "libc++";
				CLANG_ENABLE_MODULES = YES;
				CLANG_ENABLE_OBJC_ARC = YES;
				CLANG_WARN_BOOL_CONVERSION = YES;
				CLANG_WARN_CONSTANT_CONVERSION = YES;
				CLANG_WARN_DIRECT_OBJC_ISA_USAGE = YES_ERROR;
				CLANG_WARN_EMPTY_BODY = YES;
				CLANG_WARN_ENUM_CONVERSION = YES;
				CLANG_WARN_INT_CONVERSION = YES;
				CLANG_WARN_OBJC_ROOT_CLASS = YES_ERROR;
				CLANG_WARN_UNREACHABLE_CODE = YES;
				CLANG_WARN__DUPLICATE_METHOD_MATCH = YES;
				"CODE_SIGN_IDENTITY[sdk=iphoneos*]" = "iPhone Developer";
				COPY_PHASE_STRIP = NO;
				DEBUG_INFORMATION_FORMAT = "dwarf-with-dsym";
				ENABLE_NS_ASSERTIONS = NO;
				ENABLE_STRICT_OBJC_MSGSEND = YES;
				GCC_C_LANGUAGE_STANDARD = gnu99;
				GCC_NO_COMMON_BLOCKS = YES;
				GCC_WARN_64_TO_32_BIT_CONVERSION = YES;
				GCC_WARN_ABOUT_RETURN_TYPE = YES_ERROR;
				GCC_WARN_UNDECLARED_SELECTOR = YES;
				GCC_WARN_UNINITIALIZED_AUTOS = YES_AGGRESSIVE;
				GCC_WARN_UNUSED_FUNCTION = YES;
				GCC_WARN_UNUSED_VARIABLE = YES;
				IPHONEOS_DEPLOYMENT_TARGET = 9.3;
				MTL_ENABLE_DEBUG_INFO = NO;
				SDKROOT = iphoneos;
				TARGETED_DEVICE_FAMILY = "1,2";
				VALIDATE_PRODUCT = YES;
			};
			name = Release;
		};
		71E388DE1E07B9080086F4B9 /* Debug */ = {
			isa = XCBuildConfiguration;
			buildSettings = {
				ASSETCATALOG_COMPILER_APPICON_NAME = AppIcon;
				INFOPLIST_FILE = "ex2-1-1/Info.plist";
				LD_RUNPATH_SEARCH_PATHS = "$(inherited) @executable_path/Frameworks";
				PRODUCT_BUNDLE_IDENTIFIER = "jp.ac.neec.it.ex2-1-1";
				PRODUCT_NAME = "$(TARGET_NAME)";
			};
			name = Debug;
		};
		71E388DF1E07B9080086F4B9 /* Release */ = {
			isa = XCBuildConfiguration;
			buildSettings = {
				ASSETCATALOG_COMPILER_APPICON_NAME = AppIcon;
				INFOPLIST_FILE = "ex2-1-1/Info.plist";
				LD_RUNPATH_SEARCH_PATHS = "$(inherited) @executable_path/Frameworks";
				PRODUCT_BUNDLE_IDENTIFIER = "jp.ac.neec.it.ex2-1-1";
				PRODUCT_NAME = "$(TARGET_NAME)";
			};
			name = Release;
		};
		71E388E11E07B9080086F4B9 /* Debug */ = {
			isa = XCBuildConfiguration;
			buildSettings = {
				BUNDLE_LOADER = "$(TEST_HOST)";
				INFOPLIST_FILE = "ex2-1-1Tests/Info.plist";
				LD_RUNPATH_SEARCH_PATHS = "$(inherited) @executable_path/Frameworks @loader_path/Frameworks";
				PRODUCT_BUNDLE_IDENTIFIER = "jp.ac.neec.it.ex2-1-1Tests";
				PRODUCT_NAME = "$(TARGET_NAME)";
				TEST_HOST = "$(BUILT_PRODUCTS_DIR)/ex2-1-1.app/ex2-1-1";
			};
			name = Debug;
		};
		71E388E21E07B9080086F4B9 /* Release */ = {
			isa = XCBuildConfiguration;
			buildSettings = {
				BUNDLE_LOADER = "$(TEST_HOST)";
				INFOPLIST_FILE = "ex2-1-1Tests/Info.plist";
				LD_RUNPATH_SEARCH_PATHS = "$(inherited) @executable_path/Frameworks @loader_path/Frameworks";
				PRODUCT_BUNDLE_IDENTIFIER = "jp.ac.neec.it.ex2-1-1Tests";
				PRODUCT_NAME = "$(TARGET_NAME)";
				TEST_HOST = "$(BUILT_PRODUCTS_DIR)/ex2-1-1.app/ex2-1-1";
			};
			name = Release;
		};
		71E388E41E07B9080086F4B9 /* Debug */ = {
			isa = XCBuildConfiguration;
			buildSettings = {
				INFOPLIST_FILE = "ex2-1-1UITests/Info.plist";
				LD_RUNPATH_SEARCH_PATHS = "$(inherited) @executable_path/Frameworks @loader_path/Frameworks";
				PRODUCT_BUNDLE_IDENTIFIER = "jp.ac.neec.it.ex2-1-1UITests";
				PRODUCT_NAME = "$(TARGET_NAME)";
				TEST_TARGET_NAME = "ex2-1-1";
			};
			name = Debug;
		};
		71E388E51E07B9080086F4B9 /* Release */ = {
			isa = XCBuildConfiguration;
			buildSettings = {
				INFOPLIST_FILE = "ex2-1-1UITests/Info.plist";
				LD_RUNPATH_SEARCH_PATHS = "$(inherited) @executable_path/Frameworks @loader_path/Frameworks";
				PRODUCT_BUNDLE_IDENTIFIER = "jp.ac.neec.it.ex2-1-1UITests";
				PRODUCT_NAME = "$(TARGET_NAME)";
				TEST_TARGET_NAME = "ex2-1-1";
			};
			name = Release;
		};
/* End XCBuildConfiguration section */

/* Begin XCConfigurationList section */
		71E388AB1E07B9080086F4B9 /* Build configuration list for PBXProject "ex2-1-1" */ = {
			isa = XCConfigurationList;
			buildConfigurations = (
				71E388DB1E07B9080086F4B9 /* Debug */,
				71E388DC1E07B9080086F4B9 /* Release */,
			);
			defaultConfigurationIsVisible = 0;
			defaultConfigurationName = Release;
		};
		71E388DD1E07B9080086F4B9 /* Build configuration list for PBXNativeTarget "ex2-1-1" */ = {
			isa = XCConfigurationList;
			buildConfigurations = (
				71E388DE1E07B9080086F4B9 /* Debug */,
				71E388DF1E07B9080086F4B9 /* Release */,
			);
			defaultConfigurationIsVisible = 0;
		};
		71E388E01E07B9080086F4B9 /* Build configuration list for PBXNativeTarget "ex2-1-1Tests" */ = {
			isa = XCConfigurationList;
			buildConfigurations = (
				71E388E11E07B9080086F4B9 /* Debug */,
				71E388E21E07B9080086F4B9 /* Release */,
			);
			defaultConfigurationIsVisible = 0;
		};
		71E388E31E07B9080086F4B9 /* Build configuration list for PBXNativeTarget "ex2-1-1UITests" */ = {
			isa = XCConfigurationList;
			buildConfigurations = (
				71E388E41E07B9080086F4B9 /* Debug */,
				71E388E51E07B9080086F4B9 /* Release */,
			);
			defaultConfigurationIsVisible = 0;
		};
/* End XCConfigurationList section */
	};
	rootObject = 71E388A81E07B9080086F4B9 /* Project object */;
}
