// !$*UTF8*$!
{
	archiveVersion = 1;
	classes = {
	};
	objectVersion = 46;
	objects = {

/* Begin PBXBuildFile section */
		D5321CA91E1538F10060C3F8 /* main.m in Sources */ = {isa = PBXBuildFile; fileRef = D5321CA81E1538F10060C3F8 /* main.m */; };
		D5321CAC1E1538F10060C3F8 /* AppDelegate.m in Sources */ = {isa = PBXBuildFile; fileRef = D5321CAB1E1538F10060C3F8 /* AppDelegate.m */; };
		D5321CAF1E1538F10060C3F8 /* RootViewController.m in Sources */ = {isa = PBXBuildFile; fileRef = D5321CAE1E1538F10060C3F8 /* RootViewController.m */; };
		D5321CB21E1538F10060C3F8 /* DataViewController.m in Sources */ = {isa = PBXBuildFile; fileRef = D5321CB11E1538F10060C3F8 /* DataViewController.m */; };
		D5321CB51E1538F10060C3F8 /* ModelController.m in Sources */ = {isa = PBXBuildFile; fileRef = D5321CB41E1538F10060C3F8 /* ModelController.m */; };
		D5321CB81E1538F10060C3F8 /* Main.storyboard in Resources */ = {isa = PBXBuildFile; fileRef = D5321CB61E1538F10060C3F8 /* Main.storyboard */; };
		D5321CBA1E1538F10060C3F8 /* Assets.xcassets in Resources */ = {isa = PBXBuildFile; fileRef = D5321CB91E1538F10060C3F8 /* Assets.xcassets */; };
		D5321CBD1E1538F10060C3F8 /* LaunchScreen.storyboard in Resources */ = {isa = PBXBuildFile; fileRef = D5321CBB1E1538F10060C3F8 /* LaunchScreen.storyboard */; };
		D5321CC81E1538F20060C3F8 /* pageSampleTests.m in Sources */ = {isa = PBXBuildFile; fileRef = D5321CC71E1538F20060C3F8 /* pageSampleTests.m */; };
		D5321CD31E1538F20060C3F8 /* pageSampleUITests.m in Sources */ = {isa = PBXBuildFile; fileRef = D5321CD21E1538F20060C3F8 /* pageSampleUITests.m */; };
/* End PBXBuildFile section */

/* Begin PBXContainerItemProxy section */
		D5321CC41E1538F20060C3F8 /* PBXContainerItemProxy */ = {
			isa = PBXContainerItemProxy;
			containerPortal = D5321C9C1E1538F10060C3F8 /* Project object */;
			proxyType = 1;
			remoteGlobalIDString = D5321CA31E1538F10060C3F8;
			remoteInfo = pageSample;
		};
		D5321CCF1E1538F20060C3F8 /* PBXContainerItemProxy */ = {
			isa = PBXContainerItemProxy;
			containerPortal = D5321C9C1E1538F10060C3F8 /* Project object */;
			proxyType = 1;
			remoteGlobalIDString = D5321CA31E1538F10060C3F8;
			remoteInfo = pageSample;
		};
/* End PBXContainerItemProxy section */

/* Begin PBXFileReference section */
		D5321CA41E1538F10060C3F8 /* pageSample.app */ = {isa = PBXFileReference; explicitFileType = wrapper.application; includeInIndex = 0; path = pageSample.app; sourceTree = BUILT_PRODUCTS_DIR; };
		D5321CA81E1538F10060C3F8 /* main.m */ = {isa = PBXFileReference; lastKnownFileType = sourcecode.c.objc; path = main.m; sourceTree = "<group>"; };
		D5321CAA1E1538F10060C3F8 /* AppDelegate.h */ = {isa = PBXFileReference; lastKnownFileType = sourcecode.c.h; path = AppDelegate.h; sourceTree = "<group>"; };
		D5321CAB1E1538F10060C3F8 /* AppDelegate.m */ = {isa = PBXFileReference; lastKnownFileType = sourcecode.c.objc; path = AppDelegate.m; sourceTree = "<group>"; };
		D5321CAD1E1538F10060C3F8 /* RootViewController.h */ = {isa = PBXFileReference; lastKnownFileType = sourcecode.c.h; path = RootViewController.h; sourceTree = "<group>"; };
		D5321CAE1E1538F10060C3F8 /* RootViewController.m */ = {isa = PBXFileReference; lastKnownFileType = sourcecode.c.objc; path = RootViewController.m; sourceTree = "<group>"; };
		D5321CB01E1538F10060C3F8 /* DataViewController.h */ = {isa = PBXFileReference; lastKnownFileType = sourcecode.c.h; path = DataViewController.h; sourceTree = "<group>"; };
		D5321CB11E1538F10060C3F8 /* DataViewController.m */ = {isa = PBXFileReference; lastKnownFileType = sourcecode.c.objc; path = DataViewController.m; sourceTree = "<group>"; };
		D5321CB31E1538F10060C3F8 /* ModelController.h */ = {isa = PBXFileReference; lastKnownFileType = sourcecode.c.h; path = ModelController.h; sourceTree = "<group>"; };
		D5321CB41E1538F10060C3F8 /* ModelController.m */ = {isa = PBXFileReference; lastKnownFileType = sourcecode.c.objc; path = ModelController.m; sourceTree = "<group>"; };
		D5321CB71E1538F10060C3F8 /* Base */ = {isa = PBXFileReference; lastKnownFileType = file.storyboard; name = Base; path = Base.lproj/Main.storyboard; sourceTree = "<group>"; };
		D5321CB91E1538F10060C3F8 /* Assets.xcassets */ = {isa = PBXFileReference; lastKnownFileType = folder.assetcatalog; path = Assets.xcassets; sourceTree = "<group>"; };
		D5321CBC1E1538F10060C3F8 /* Base */ = {isa = PBXFileReference; lastKnownFileType = file.storyboard; name = Base; path = Base.lproj/LaunchScreen.storyboard; sourceTree = "<group>"; };
		D5321CBE1E1538F10060C3F8 /* Info.plist */ = {isa = PBXFileReference; lastKnownFileType = text.plist.xml; path = Info.plist; sourceTree = "<group>"; };
		D5321CC31E1538F20060C3F8 /* pageSampleTests.xctest */ = {isa = PBXFileReference; explicitFileType = wrapper.cfbundle; includeInIndex = 0; path = pageSampleTests.xctest; sourceTree = BUILT_PRODUCTS_DIR; };
		D5321CC71E1538F20060C3F8 /* pageSampleTests.m */ = {isa = PBXFileReference; lastKnownFileType = sourcecode.c.objc; path = pageSampleTests.m; sourceTree = "<group>"; };
		D5321CC91E1538F20060C3F8 /* Info.plist */ = {isa = PBXFileReference; lastKnownFileType = text.plist.xml; path = Info.plist; sourceTree = "<group>"; };
		D5321CCE1E1538F20060C3F8 /* pageSampleUITests.xctest */ = {isa = PBXFileReference; explicitFileType = wrapper.cfbundle; includeInIndex = 0; path = pageSampleUITests.xctest; sourceTree = BUILT_PRODUCTS_DIR; };
		D5321CD21E1538F20060C3F8 /* pageSampleUITests.m */ = {isa = PBXFileReference; lastKnownFileType = sourcecode.c.objc; path = pageSampleUITests.m; sourceTree = "<group>"; };
		D5321CD41E1538F20060C3F8 /* Info.plist */ = {isa = PBXFileReference; lastKnownFileType = text.plist.xml; path = Info.plist; sourceTree = "<group>"; };
/* End PBXFileReference section */

/* Begin PBXFrameworksBuildPhase section */
		D5321CA11E1538F10060C3F8 /* Frameworks */ = {
			isa = PBXFrameworksBuildPhase;
			buildActionMask = 2147483647;
			files = (
			);
			runOnlyForDeploymentPostprocessing = 0;
		};
		D5321CC01E1538F20060C3F8 /* Frameworks */ = {
			isa = PBXFrameworksBuildPhase;
			buildActionMask = 2147483647;
			files = (
			);
			runOnlyForDeploymentPostprocessing = 0;
		};
		D5321CCB1E1538F20060C3F8 /* Frameworks */ = {
			isa = PBXFrameworksBuildPhase;
			buildActionMask = 2147483647;
			files = (
			);
			runOnlyForDeploymentPostprocessing = 0;
		};
/* End PBXFrameworksBuildPhase section */

/* Begin PBXGroup section */
		D5321C9B1E1538F10060C3F8 = {
			isa = PBXGroup;
			children = (
				D5321CA61E1538F10060C3F8 /* pageSample */,
				D5321CC61E1538F20060C3F8 /* pageSampleTests */,
				D5321CD11E1538F20060C3F8 /* pageSampleUITests */,
				D5321CA51E1538F10060C3F8 /* Products */,
			);
			sourceTree = "<group>";
		};
		D5321CA51E1538F10060C3F8 /* Products */ = {
			isa = PBXGroup;
			children = (
				D5321CA41E1538F10060C3F8 /* pageSample.app */,
				D5321CC31E1538F20060C3F8 /* pageSampleTests.xctest */,
				D5321CCE1E1538F20060C3F8 /* pageSampleUITests.xctest */,
			);
			name = Products;
			sourceTree = "<group>";
		};
		D5321CA61E1538F10060C3F8 /* pageSample */ = {
			isa = PBXGroup;
			children = (
				D5321CAA1E1538F10060C3F8 /* AppDelegate.h */,
				D5321CAB1E1538F10060C3F8 /* AppDelegate.m */,
				D5321CAD1E1538F10060C3F8 /* RootViewController.h */,
				D5321CAE1E1538F10060C3F8 /* RootViewController.m */,
				D5321CB01E1538F10060C3F8 /* DataViewController.h */,
				D5321CB11E1538F10060C3F8 /* DataViewController.m */,
				D5321CB31E1538F10060C3F8 /* ModelController.h */,
				D5321CB41E1538F10060C3F8 /* ModelController.m */,
				D5321CB61E1538F10060C3F8 /* Main.storyboard */,
				D5321CB91E1538F10060C3F8 /* Assets.xcassets */,
				D5321CBB1E1538F10060C3F8 /* LaunchScreen.storyboard */,
				D5321CBE1E1538F10060C3F8 /* Info.plist */,
				D5321CA71E1538F10060C3F8 /* Supporting Files */,
			);
			path = pageSample;
			sourceTree = "<group>";
		};
		D5321CA71E1538F10060C3F8 /* Supporting Files */ = {
			isa = PBXGroup;
			children = (
				D5321CA81E1538F10060C3F8 /* main.m */,
			);
			name = "Supporting Files";
			sourceTree = "<group>";
		};
		D5321CC61E1538F20060C3F8 /* pageSampleTests */ = {
			isa = PBXGroup;
			children = (
				D5321CC71E1538F20060C3F8 /* pageSampleTests.m */,
				D5321CC91E1538F20060C3F8 /* Info.plist */,
			);
			path = pageSampleTests;
			sourceTree = "<group>";
		};
		D5321CD11E1538F20060C3F8 /* pageSampleUITests */ = {
			isa = PBXGroup;
			children = (
				D5321CD21E1538F20060C3F8 /* pageSampleUITests.m */,
				D5321CD41E1538F20060C3F8 /* Info.plist */,
			);
			path = pageSampleUITests;
			sourceTree = "<group>";
		};
/* End PBXGroup section */

/* Begin PBXNativeTarget section */
		D5321CA31E1538F10060C3F8 /* pageSample */ = {
			isa = PBXNativeTarget;
			buildConfigurationList = D5321CD71E1538F20060C3F8 /* Build configuration list for PBXNativeTarget "pageSample" */;
			buildPhases = (
				D5321CA01E1538F10060C3F8 /* Sources */,
				D5321CA11E1538F10060C3F8 /* Frameworks */,
				D5321CA21E1538F10060C3F8 /* Resources */,
			);
			buildRules = (
			);
			dependencies = (
			);
			name = pageSample;
			productName = pageSample;
			productReference = D5321CA41E1538F10060C3F8 /* pageSample.app */;
			productType = "com.apple.product-type.application";
		};
		D5321CC21E1538F20060C3F8 /* pageSampleTests */ = {
			isa = PBXNativeTarget;
			buildConfigurationList = D5321CDA1E1538F20060C3F8 /* Build configuration list for PBXNativeTarget "pageSampleTests" */;
			buildPhases = (
				D5321CBF1E1538F20060C3F8 /* Sources */,
				D5321CC01E1538F20060C3F8 /* Frameworks */,
				D5321CC11E1538F20060C3F8 /* Resources */,
			);
			buildRules = (
			);
			dependencies = (
				D5321CC51E1538F20060C3F8 /* PBXTargetDependency */,
			);
			name = pageSampleTests;
			productName = pageSampleTests;
			productReference = D5321CC31E1538F20060C3F8 /* pageSampleTests.xctest */;
			productType = "com.apple.product-type.bundle.unit-test";
		};
		D5321CCD1E1538F20060C3F8 /* pageSampleUITests */ = {
			isa = PBXNativeTarget;
			buildConfigurationList = D5321CDD1E1538F20060C3F8 /* Build configuration list for PBXNativeTarget "pageSampleUITests" */;
			buildPhases = (
				D5321CCA1E1538F20060C3F8 /* Sources */,
				D5321CCB1E1538F20060C3F8 /* Frameworks */,
				D5321CCC1E1538F20060C3F8 /* Resources */,
			);
			buildRules = (
			);
			dependencies = (
				D5321CD01E1538F20060C3F8 /* PBXTargetDependency */,
			);
			name = pageSampleUITests;
			productName = pageSampleUITests;
			productReference = D5321CCE1E1538F20060C3F8 /* pageSampleUITests.xctest */;
			productType = "com.apple.product-type.bundle.ui-testing";
		};
/* End PBXNativeTarget section */

/* Begin PBXProject section */
		D5321C9C1E1538F10060C3F8 /* Project object */ = {
			isa = PBXProject;
			attributes = {
				LastUpgradeCheck = 0730;
				ORGANIZATIONNAME = Nakanishi;
				TargetAttributes = {
					D5321CA31E1538F10060C3F8 = {
						CreatedOnToolsVersion = 7.3;
					};
					D5321CC21E1538F20060C3F8 = {
						CreatedOnToolsVersion = 7.3;
						TestTargetID = D5321CA31E1538F10060C3F8;
					};
					D5321CCD1E1538F20060C3F8 = {
						CreatedOnToolsVersion = 7.3;
						TestTargetID = D5321CA31E1538F10060C3F8;
					};
				};
			};
			buildConfigurationList = D5321C9F1E1538F10060C3F8 /* Build configuration list for PBXProject "pageSample" */;
			compatibilityVersion = "Xcode 3.2";
			developmentRegion = English;
			hasScannedForEncodings = 0;
			knownRegions = (
				en,
				Base,
			);
			mainGroup = D5321C9B1E1538F10060C3F8;
			productRefGroup = D5321CA51E1538F10060C3F8 /* Products */;
			projectDirPath = "";
			projectRoot = "";
			targets = (
				D5321CA31E1538F10060C3F8 /* pageSample */,
				D5321CC21E1538F20060C3F8 /* pageSampleTests */,
				D5321CCD1E1538F20060C3F8 /* pageSampleUITests */,
			);
		};
/* End PBXProject section */

/* Begin PBXResourcesBuildPhase section */
		D5321CA21E1538F10060C3F8 /* Resources */ = {
			isa = PBXResourcesBuildPhase;
			buildActionMask = 2147483647;
			files = (
				D5321CBD1E1538F10060C3F8 /* LaunchScreen.storyboard in Resources */,
				D5321CBA1E1538F10060C3F8 /* Assets.xcassets in Resources */,
				D5321CB81E1538F10060C3F8 /* Main.storyboard in Resources */,
			);
			runOnlyForDeploymentPostprocessing = 0;
		};
		D5321CC11E1538F20060C3F8 /* Resources */ = {
			isa = PBXResourcesBuildPhase;
			buildActionMask = 2147483647;
			files = (
			);
			runOnlyForDeploymentPostprocessing = 0;
		};
		D5321CCC1E1538F20060C3F8 /* Resources */ = {
			isa = PBXResourcesBuildPhase;
			buildActionMask = 2147483647;
			files = (
			);
			runOnlyForDeploymentPostprocessing = 0;
		};
/* End PBXResourcesBuildPhase section */

/* Begin PBXSourcesBuildPhase section */
		D5321CA01E1538F10060C3F8 /* Sources */ = {
			isa = PBXSourcesBuildPhase;
			buildActionMask = 2147483647;
			files = (
				D5321CB21E1538F10060C3F8 /* DataViewController.m in Sources */,
				D5321CAC1E1538F10060C3F8 /* AppDelegate.m in Sources */,
				D5321CB51E1538F10060C3F8 /* ModelController.m in Sources */,
				D5321CA91E1538F10060C3F8 /* main.m in Sources */,
				D5321CAF1E1538F10060C3F8 /* RootViewController.m in Sources */,
			);
			runOnlyForDeploymentPostprocessing = 0;
		};
		D5321CBF1E1538F20060C3F8 /* Sources */ = {
			isa = PBXSourcesBuildPhase;
			buildActionMask = 2147483647;
			files = (
				D5321CC81E1538F20060C3F8 /* pageSampleTests.m in Sources */,
			);
			runOnlyForDeploymentPostprocessing = 0;
		};
		D5321CCA1E1538F20060C3F8 /* Sources */ = {
			isa = PBXSourcesBuildPhase;
			buildActionMask = 2147483647;
			files = (
				D5321CD31E1538F20060C3F8 /* pageSampleUITests.m in Sources */,
			);
			runOnlyForDeploymentPostprocessing = 0;
		};
/* End PBXSourcesBuildPhase section */

/* Begin PBXTargetDependency section */
		D5321CC51E1538F20060C3F8 /* PBXTargetDependency */ = {
			isa = PBXTargetDependency;
			target = D5321CA31E1538F10060C3F8 /* pageSample */;
			targetProxy = D5321CC41E1538F20060C3F8 /* PBXContainerItemProxy */;
		};
		D5321CD01E1538F20060C3F8 /* PBXTargetDependency */ = {
			isa = PBXTargetDependency;
			target = D5321CA31E1538F10060C3F8 /* pageSample */;
			targetProxy = D5321CCF1E1538F20060C3F8 /* PBXContainerItemProxy */;
		};
/* End PBXTargetDependency section */

/* Begin PBXVariantGroup section */
		D5321CB61E1538F10060C3F8 /* Main.storyboard */ = {
			isa = PBXVariantGroup;
			children = (
				D5321CB71E1538F10060C3F8 /* Base */,
			);
			name = Main.storyboard;
			sourceTree = "<group>";
		};
		D5321CBB1E1538F10060C3F8 /* LaunchScreen.storyboard */ = {
			isa = PBXVariantGroup;
			children = (
				D5321CBC1E1538F10060C3F8 /* Base */,
			);
			name = LaunchScreen.storyboard;
			sourceTree = "<group>";
		};
/* End PBXVariantGroup section */

/* Begin XCBuildConfiguration section */
		D5321CD51E1538F20060C3F8 /* Debug */ = {
			isa = XCBuildConfiguration;
			buildSettings = {
				ALWAYS_SEARCH_USER_PATHS = NO;
				CLANG_ANALYZER_NONNULL = YES;
				CLANG_CXX_LANGUAGE_STANDARD = "gnu++0x";
				CLANG_CXX_LIBRARY = "libc++";
				CLANG_ENABLE_MODULES = YES;
				CLANG_ENABLE_OBJC_ARC = YES;
				CLANG_WARN_BOOL_CONVERSION = YES;
				CLANG_WARN_CONSTANT_CONVERSION = YES;
				CLANG_WARN_DIRECT_OBJC_ISA_USAGE = YES_ERROR;
				CLANG_WARN_EMPTY_BODY = YES;
				CLANG_WARN_ENUM_CONVERSION = YES;
				CLANG_WARN_INT_CONVERSION = YES;
				CLANG_WARN_OBJC_ROOT_CLASS = YES_ERROR;
				CLANG_WARN_UNREACHABLE_CODE = YES;
				CLANG_WARN__DUPLICATE_METHOD_MATCH = YES;
				"CODE_SIGN_IDENTITY[sdk=iphoneos*]" = "iPhone Developer";
				COPY_PHASE_STRIP = NO;
				DEBUG_INFORMATION_FORMAT = dwarf;
				ENABLE_STRICT_OBJC_MSGSEND = YES;
				ENABLE_TESTABILITY = YES;
				GCC_C_LANGUAGE_STANDARD = gnu99;
				GCC_DYNAMIC_NO_PIC = NO;
				GCC_NO_COMMON_BLOCKS = YES;
				GCC_OPTIMIZATION_LEVEL = 0;
				GCC_PREPROCESSOR_DEFINITIONS = (
					"DEBUG=1",
					"$(inherited)",
				);
				GCC_WARN_64_TO_32_BIT_CONVERSION = YES;
				GCC_WARN_ABOUT_RETURN_TYPE = YES_ERROR;
				GCC_WARN_UNDECLARED_SELECTOR = YES;
				GCC_WARN_UNINITIALIZED_AUTOS = YES_AGGRESSIVE;
				GCC_WARN_UNUSED_FUNCTION = YES;
				GCC_WARN_UNUSED_VARIABLE = YES;
				IPHONEOS_DEPLOYMENT_TARGET = 9.3;
				MTL_ENABLE_DEBUG_INFO = YES;
				ONLY_ACTIVE_ARCH = YES;
				SDKROOT = iphoneos;
				TARGETED_DEVICE_FAMILY = "1,2";
			};
			name = Debug;
		};
		D5321CD61E1538F20060C3F8 /* Release */ = {
			isa = XCBuildConfiguration;
			buildSettings = {
				ALWAYS_SEARCH_USER_PATHS = NO;
				CLANG_ANALYZER_NONNULL = YES;
				CLANG_CXX_LANGUAGE_STANDARD = "gnu++0x";
				CLANG_CXX_LIBRARY = "libc++";
				CLANG_ENABLE_MODULES = YES;
				CLANG_ENABLE_OBJC_ARC = YES;
				CLANG_WARN_BOOL_CONVERSION = YES;
				CLANG_WARN_CONSTANT_CONVERSION = YES;
				CLANG_WARN_DIRECT_OBJC_ISA_USAGE = YES_ERROR;
				CLANG_WARN_EMPTY_BODY = YES;
				CLANG_WARN_ENUM_CONVERSION = YES;
				CLANG_WARN_INT_CONVERSION = YES;
				CLANG_WARN_OBJC_ROOT_CLASS = YES_ERROR;
				CLANG_WARN_UNREACHABLE_CODE = YES;
				CLANG_WARN__DUPLICATE_METHOD_MATCH = YES;
				"CODE_SIGN_IDENTITY[sdk=iphoneos*]" = "iPhone Developer";
				COPY_PHASE_STRIP = NO;
				DEBUG_INFORMATION_FORMAT = "dwarf-with-dsym";
				ENABLE_NS_ASSERTIONS = NO;
				ENABLE_STRICT_OBJC_MSGSEND = YES;
				GCC_C_LANGUAGE_STANDARD = gnu99;
				GCC_NO_COMMON_BLOCKS = YES;
				GCC_WARN_64_TO_32_BIT_CONVERSION = YES;
				GCC_WARN_ABOUT_RETURN_TYPE = YES_ERROR;
				GCC_WARN_UNDECLARED_SELECTOR = YES;
				GCC_WARN_UNINITIALIZED_AUTOS = YES_AGGRESSIVE;
				GCC_WARN_UNUSED_FUNCTION = YES;
				GCC_WARN_UNUSED_VARIABLE = YES;
				IPHONEOS_DEPLOYMENT_TARGET = 9.3;
				MTL_ENABLE_DEBUG_INFO = NO;
				SDKROOT = iphoneos;
				TARGETED_DEVICE_FAMILY = "1,2";
				VALIDATE_PRODUCT = YES;
			};
			name = Release;
		};
		D5321CD81E1538F20060C3F8 /* Debug */ = {
			isa = XCBuildConfiguration;
			buildSettings = {
				ASSETCATALOG_COMPILER_APPICON_NAME = AppIcon;
				INFOPLIST_FILE = pageSample/Info.plist;
				LD_RUNPATH_SEARCH_PATHS = "$(inherited) @executable_path/Frameworks";
				PRODUCT_BUNDLE_IDENTIFIER = com.example.pageSample;
				PRODUCT_NAME = "$(TARGET_NAME)";
			};
			name = Debug;
		};
		D5321CD91E1538F20060C3F8 /* Release */ = {
			isa = XCBuildConfiguration;
			buildSettings = {
				ASSETCATALOG_COMPILER_APPICON_NAME = AppIcon;
				INFOPLIST_FILE = pageSample/Info.plist;
				LD_RUNPATH_SEARCH_PATHS = "$(inherited) @executable_path/Frameworks";
				PRODUCT_BUNDLE_IDENTIFIER = com.example.pageSample;
				PRODUCT_NAME = "$(TARGET_NAME)";
			};
			name = Release;
		};
		D5321CDB1E1538F20060C3F8 /* Debug */ = {
			isa = XCBuildConfiguration;
			buildSettings = {
				BUNDLE_LOADER = "$(TEST_HOST)";
				INFOPLIST_FILE = pageSampleTests/Info.plist;
				LD_RUNPATH_SEARCH_PATHS = "$(inherited) @executable_path/Frameworks @loader_path/Frameworks";
				PRODUCT_BUNDLE_IDENTIFIER = com.example.pageSampleTests;
				PRODUCT_NAME = "$(TARGET_NAME)";
				TEST_HOST = "$(BUILT_PRODUCTS_DIR)/pageSample.app/pageSample";
			};
			name = Debug;
		};
		D5321CDC1E1538F20060C3F8 /* Release */ = {
			isa = XCBuildConfiguration;
			buildSettings = {
				BUNDLE_LOADER = "$(TEST_HOST)";
				INFOPLIST_FILE = pageSampleTests/Info.plist;
				LD_RUNPATH_SEARCH_PATHS = "$(inherited) @executable_path/Frameworks @loader_path/Frameworks";
				PRODUCT_BUNDLE_IDENTIFIER = com.example.pageSampleTests;
				PRODUCT_NAME = "$(TARGET_NAME)";
				TEST_HOST = "$(BUILT_PRODUCTS_DIR)/pageSample.app/pageSample";
			};
			name = Release;
		};
		D5321CDE1E1538F20060C3F8 /* Debug */ = {
			isa = XCBuildConfiguration;
			buildSettings = {
				INFOPLIST_FILE = pageSampleUITests/Info.plist;
				LD_RUNPATH_SEARCH_PATHS = "$(inherited) @executable_path/Frameworks @loader_path/Frameworks";
				PRODUCT_BUNDLE_IDENTIFIER = com.example.pageSampleUITests;
				PRODUCT_NAME = "$(TARGET_NAME)";
				TEST_TARGET_NAME = pageSample;
			};
			name = Debug;
		};
		D5321CDF1E1538F20060C3F8 /* Release */ = {
			isa = XCBuildConfiguration;
			buildSettings = {
				INFOPLIST_FILE = pageSampleUITests/Info.plist;
				LD_RUNPATH_SEARCH_PATHS = "$(inherited) @executable_path/Frameworks @loader_path/Frameworks";
				PRODUCT_BUNDLE_IDENTIFIER = com.example.pageSampleUITests;
				PRODUCT_NAME = "$(TARGET_NAME)";
				TEST_TARGET_NAME = pageSample;
			};
			name = Release;
		};
/* End XCBuildConfiguration section */

/* Begin XCConfigurationList section */
		D5321C9F1E1538F10060C3F8 /* Build configuration list for PBXProject "pageSample" */ = {
			isa = XCConfigurationList;
			buildConfigurations = (
				D5321CD51E1538F20060C3F8 /* Debug */,
				D5321CD61E1538F20060C3F8 /* Release */,
			);
			defaultConfigurationIsVisible = 0;
			defaultConfigurationName = Release;
		};
		D5321CD71E1538F20060C3F8 /* Build configuration list for PBXNativeTarget "pageSample" */ = {
			isa = XCConfigurationList;
			buildConfigurations = (
				D5321CD81E1538F20060C3F8 /* Debug */,
				D5321CD91E1538F20060C3F8 /* Release */,
			);
			defaultConfigurationIsVisible = 0;
		};
		D5321CDA1E1538F20060C3F8 /* Build configuration list for PBXNativeTarget "pageSampleTests" */ = {
			isa = XCConfigurationList;
			buildConfigurations = (
				D5321CDB1E1538F20060C3F8 /* Debug */,
				D5321CDC1E1538F20060C3F8 /* Release */,
			);
			defaultConfigurationIsVisible = 0;
		};
		D5321CDD1E1538F20060C3F8 /* Build configuration list for PBXNativeTarget "pageSampleUITests" */ = {
			isa = XCConfigurationList;
			buildConfigurations = (
				D5321CDE1E1538F20060C3F8 /* Debug */,
				D5321CDF1E1538F20060C3F8 /* Release */,
			);
			defaultConfigurationIsVisible = 0;
		};
/* End XCConfigurationList section */
	};
	rootObject = D5321C9C1E1538F10060C3F8 /* Project object */;
}
