// !$*UTF8*$!
{
	archiveVersion = 1;
	classes = {
	};
	objectVersion = 46;
	objects = {

/* Begin PBXBuildFile section */
		D5AFA7D71E285A0D00D06555 /* main.m in Sources */ = {isa = PBXBuildFile; fileRef = D5AFA7D61E285A0D00D06555 /* main.m */; };
		D5AFA7DA1E285A0D00D06555 /* AppDelegate.m in Sources */ = {isa = PBXBuildFile; fileRef = D5AFA7D91E285A0D00D06555 /* AppDelegate.m */; };
		D5AFA7DD1E285A0D00D06555 /* ViewController.m in Sources */ = {isa = PBXBuildFile; fileRef = D5AFA7DC1E285A0D00D06555 /* ViewController.m */; };
		D5AFA7E01E285A0D00D06555 /* Main.storyboard in Resources */ = {isa = PBXBuildFile; fileRef = D5AFA7DE1E285A0D00D06555 /* Main.storyboard */; };
		D5AFA7E21E285A0D00D06555 /* Assets.xcassets in Resources */ = {isa = PBXBuildFile; fileRef = D5AFA7E11E285A0D00D06555 /* Assets.xcassets */; };
		D5AFA7E51E285A0D00D06555 /* LaunchScreen.storyboard in Resources */ = {isa = PBXBuildFile; fileRef = D5AFA7E31E285A0D00D06555 /* LaunchScreen.storyboard */; };
		D5AFA7F01E285A0E00D06555 /* ex2_4_1Tests.m in Sources */ = {isa = PBXBuildFile; fileRef = D5AFA7EF1E285A0E00D06555 /* ex2_4_1Tests.m */; };
		D5AFA7FB1E285A0E00D06555 /* ex2_4_1UITests.m in Sources */ = {isa = PBXBuildFile; fileRef = D5AFA7FA1E285A0E00D06555 /* ex2_4_1UITests.m */; };
/* End PBXBuildFile section */

/* Begin PBXContainerItemProxy section */
		D5AFA7EC1E285A0E00D06555 /* PBXContainerItemProxy */ = {
			isa = PBXContainerItemProxy;
			containerPortal = D5AFA7CA1E285A0D00D06555 /* Project object */;
			proxyType = 1;
			remoteGlobalIDString = D5AFA7D11E285A0D00D06555;
			remoteInfo = "ex2-4-1";
		};
		D5AFA7F71E285A0E00D06555 /* PBXContainerItemProxy */ = {
			isa = PBXContainerItemProxy;
			containerPortal = D5AFA7CA1E285A0D00D06555 /* Project object */;
			proxyType = 1;
			remoteGlobalIDString = D5AFA7D11E285A0D00D06555;
			remoteInfo = "ex2-4-1";
		};
/* End PBXContainerItemProxy section */

/* Begin PBXFileReference section */
		D5AFA7D21E285A0D00D06555 /* ex2-4-1.app */ = {isa = PBXFileReference; explicitFileType = wrapper.application; includeInIndex = 0; path = "ex2-4-1.app"; sourceTree = BUILT_PRODUCTS_DIR; };
		D5AFA7D61E285A0D00D06555 /* main.m */ = {isa = PBXFileReference; lastKnownFileType = sourcecode.c.objc; path = main.m; sourceTree = "<group>"; };
		D5AFA7D81E285A0D00D06555 /* AppDelegate.h */ = {isa = PBXFileReference; lastKnownFileType = sourcecode.c.h; path = AppDelegate.h; sourceTree = "<group>"; };
		D5AFA7D91E285A0D00D06555 /* AppDelegate.m */ = {isa = PBXFileReference; lastKnownFileType = sourcecode.c.objc; path = AppDelegate.m; sourceTree = "<group>"; };
		D5AFA7DB1E285A0D00D06555 /* ViewController.h */ = {isa = PBXFileReference; lastKnownFileType = sourcecode.c.h; path = ViewController.h; sourceTree = "<group>"; };
		D5AFA7DC1E285A0D00D06555 /* ViewController.m */ = {isa = PBXFileReference; lastKnownFileType = sourcecode.c.objc; path = ViewController.m; sourceTree = "<group>"; };
		D5AFA7DF1E285A0D00D06555 /* Base */ = {isa = PBXFileReference; lastKnownFileType = file.storyboard; name = Base; path = Base.lproj/Main.storyboard; sourceTree = "<group>"; };
		D5AFA7E11E285A0D00D06555 /* Assets.xcassets */ = {isa = PBXFileReference; lastKnownFileType = folder.assetcatalog; path = Assets.xcassets; sourceTree = "<group>"; };
		D5AFA7E41E285A0D00D06555 /* Base */ = {isa = PBXFileReference; lastKnownFileType = file.storyboard; name = Base; path = Base.lproj/LaunchScreen.storyboard; sourceTree = "<group>"; };
		D5AFA7E61E285A0D00D06555 /* Info.plist */ = {isa = PBXFileReference; lastKnownFileType = text.plist.xml; path = Info.plist; sourceTree = "<group>"; };
		D5AFA7EB1E285A0E00D06555 /* ex2-4-1Tests.xctest */ = {isa = PBXFileReference; explicitFileType = wrapper.cfbundle; includeInIndex = 0; path = "ex2-4-1Tests.xctest"; sourceTree = BUILT_PRODUCTS_DIR; };
		D5AFA7EF1E285A0E00D06555 /* ex2_4_1Tests.m */ = {isa = PBXFileReference; lastKnownFileType = sourcecode.c.objc; path = ex2_4_1Tests.m; sourceTree = "<group>"; };
		D5AFA7F11E285A0E00D06555 /* Info.plist */ = {isa = PBXFileReference; lastKnownFileType = text.plist.xml; path = Info.plist; sourceTree = "<group>"; };
		D5AFA7F61E285A0E00D06555 /* ex2-4-1UITests.xctest */ = {isa = PBXFileReference; explicitFileType = wrapper.cfbundle; includeInIndex = 0; path = "ex2-4-1UITests.xctest"; sourceTree = BUILT_PRODUCTS_DIR; };
		D5AFA7FA1E285A0E00D06555 /* ex2_4_1UITests.m */ = {isa = PBXFileReference; lastKnownFileType = sourcecode.c.objc; path = ex2_4_1UITests.m; sourceTree = "<group>"; };
		D5AFA7FC1E285A0E00D06555 /* Info.plist */ = {isa = PBXFileReference; lastKnownFileType = text.plist.xml; path = Info.plist; sourceTree = "<group>"; };
/* End PBXFileReference section */

/* Begin PBXFrameworksBuildPhase section */
		D5AFA7CF1E285A0D00D06555 /* Frameworks */ = {
			isa = PBXFrameworksBuildPhase;
			buildActionMask = 2147483647;
			files = (
			);
			runOnlyForDeploymentPostprocessing = 0;
		};
		D5AFA7E81E285A0E00D06555 /* Frameworks */ = {
			isa = PBXFrameworksBuildPhase;
			buildActionMask = 2147483647;
			files = (
			);
			runOnlyForDeploymentPostprocessing = 0;
		};
		D5AFA7F31E285A0E00D06555 /* Frameworks */ = {
			isa = PBXFrameworksBuildPhase;
			buildActionMask = 2147483647;
			files = (
			);
			runOnlyForDeploymentPostprocessing = 0;
		};
/* End PBXFrameworksBuildPhase section */

/* Begin PBXGroup section */
		D5AFA7C91E285A0D00D06555 = {
			isa = PBXGroup;
			children = (
				D5AFA7D41E285A0D00D06555 /* ex2-4-1 */,
				D5AFA7EE1E285A0E00D06555 /* ex2-4-1Tests */,
				D5AFA7F91E285A0E00D06555 /* ex2-4-1UITests */,
				D5AFA7D31E285A0D00D06555 /* Products */,
			);
			sourceTree = "<group>";
		};
		D5AFA7D31E285A0D00D06555 /* Products */ = {
			isa = PBXGroup;
			children = (
				D5AFA7D21E285A0D00D06555 /* ex2-4-1.app */,
				D5AFA7EB1E285A0E00D06555 /* ex2-4-1Tests.xctest */,
				D5AFA7F61E285A0E00D06555 /* ex2-4-1UITests.xctest */,
			);
			name = Products;
			sourceTree = "<group>";
		};
		D5AFA7D41E285A0D00D06555 /* ex2-4-1 */ = {
			isa = PBXGroup;
			children = (
				D5AFA7D81E285A0D00D06555 /* AppDelegate.h */,
				D5AFA7D91E285A0D00D06555 /* AppDelegate.m */,
				D5AFA7DB1E285A0D00D06555 /* ViewController.h */,
				D5AFA7DC1E285A0D00D06555 /* ViewController.m */,
				D5AFA7DE1E285A0D00D06555 /* Main.storyboard */,
				D5AFA7E11E285A0D00D06555 /* Assets.xcassets */,
				D5AFA7E31E285A0D00D06555 /* LaunchScreen.storyboard */,
				D5AFA7E61E285A0D00D06555 /* Info.plist */,
				D5AFA7D51E285A0D00D06555 /* Supporting Files */,
			);
			path = "ex2-4-1";
			sourceTree = "<group>";
		};
		D5AFA7D51E285A0D00D06555 /* Supporting Files */ = {
			isa = PBXGroup;
			children = (
				D5AFA7D61E285A0D00D06555 /* main.m */,
			);
			name = "Supporting Files";
			sourceTree = "<group>";
		};
		D5AFA7EE1E285A0E00D06555 /* ex2-4-1Tests */ = {
			isa = PBXGroup;
			children = (
				D5AFA7EF1E285A0E00D06555 /* ex2_4_1Tests.m */,
				D5AFA7F11E285A0E00D06555 /* Info.plist */,
			);
			path = "ex2-4-1Tests";
			sourceTree = "<group>";
		};
		D5AFA7F91E285A0E00D06555 /* ex2-4-1UITests */ = {
			isa = PBXGroup;
			children = (
				D5AFA7FA1E285A0E00D06555 /* ex2_4_1UITests.m */,
				D5AFA7FC1E285A0E00D06555 /* Info.plist */,
			);
			path = "ex2-4-1UITests";
			sourceTree = "<group>";
		};
/* End PBXGroup section */

/* Begin PBXNativeTarget section */
		D5AFA7D11E285A0D00D06555 /* ex2-4-1 */ = {
			isa = PBXNativeTarget;
			buildConfigurationList = D5AFA7FF1E285A0E00D06555 /* Build configuration list for PBXNativeTarget "ex2-4-1" */;
			buildPhases = (
				D5AFA7CE1E285A0D00D06555 /* Sources */,
				D5AFA7CF1E285A0D00D06555 /* Frameworks */,
				D5AFA7D01E285A0D00D06555 /* Resources */,
			);
			buildRules = (
			);
			dependencies = (
			);
			name = "ex2-4-1";
			productName = "ex2-4-1";
			productReference = D5AFA7D21E285A0D00D06555 /* ex2-4-1.app */;
			productType = "com.apple.product-type.application";
		};
		D5AFA7EA1E285A0E00D06555 /* ex2-4-1Tests */ = {
			isa = PBXNativeTarget;
			buildConfigurationList = D5AFA8021E285A0E00D06555 /* Build configuration list for PBXNativeTarget "ex2-4-1Tests" */;
			buildPhases = (
				D5AFA7E71E285A0E00D06555 /* Sources */,
				D5AFA7E81E285A0E00D06555 /* Frameworks */,
				D5AFA7E91E285A0E00D06555 /* Resources */,
			);
			buildRules = (
			);
			dependencies = (
				D5AFA7ED1E285A0E00D06555 /* PBXTargetDependency */,
			);
			name = "ex2-4-1Tests";
			productName = "ex2-4-1Tests";
			productReference = D5AFA7EB1E285A0E00D06555 /* ex2-4-1Tests.xctest */;
			productType = "com.apple.product-type.bundle.unit-test";
		};
		D5AFA7F51E285A0E00D06555 /* ex2-4-1UITests */ = {
			isa = PBXNativeTarget;
			buildConfigurationList = D5AFA8051E285A0E00D06555 /* Build configuration list for PBXNativeTarget "ex2-4-1UITests" */;
			buildPhases = (
				D5AFA7F21E285A0E00D06555 /* Sources */,
				D5AFA7F31E285A0E00D06555 /* Frameworks */,
				D5AFA7F41E285A0E00D06555 /* Resources */,
			);
			buildRules = (
			);
			dependencies = (
				D5AFA7F81E285A0E00D06555 /* PBXTargetDependency */,
			);
			name = "ex2-4-1UITests";
			productName = "ex2-4-1UITests";
			productReference = D5AFA7F61E285A0E00D06555 /* ex2-4-1UITests.xctest */;
			productType = "com.apple.product-type.bundle.ui-testing";
		};
/* End PBXNativeTarget section */

/* Begin PBXProject section */
		D5AFA7CA1E285A0D00D06555 /* Project object */ = {
			isa = PBXProject;
			attributes = {
				LastUpgradeCheck = 0730;
				ORGANIZATIONNAME = Nakanishi;
				TargetAttributes = {
					D5AFA7D11E285A0D00D06555 = {
						CreatedOnToolsVersion = 7.3;
					};
					D5AFA7EA1E285A0E00D06555 = {
						CreatedOnToolsVersion = 7.3;
						TestTargetID = D5AFA7D11E285A0D00D06555;
					};
					D5AFA7F51E285A0E00D06555 = {
						CreatedOnToolsVersion = 7.3;
						TestTargetID = D5AFA7D11E285A0D00D06555;
					};
				};
			};
			buildConfigurationList = D5AFA7CD1E285A0D00D06555 /* Build configuration list for PBXProject "ex2-4-1" */;
			compatibilityVersion = "Xcode 3.2";
			developmentRegion = English;
			hasScannedForEncodings = 0;
			knownRegions = (
				en,
				Base,
			);
			mainGroup = D5AFA7C91E285A0D00D06555;
			productRefGroup = D5AFA7D31E285A0D00D06555 /* Products */;
			projectDirPath = "";
			projectRoot = "";
			targets = (
				D5AFA7D11E285A0D00D06555 /* ex2-4-1 */,
				D5AFA7EA1E285A0E00D06555 /* ex2-4-1Tests */,
				D5AFA7F51E285A0E00D06555 /* ex2-4-1UITests */,
			);
		};
/* End PBXProject section */

/* Begin PBXResourcesBuildPhase section */
		D5AFA7D01E285A0D00D06555 /* Resources */ = {
			isa = PBXResourcesBuildPhase;
			buildActionMask = 2147483647;
			files = (
				D5AFA7E51E285A0D00D06555 /* LaunchScreen.storyboard in Resources */,
				D5AFA7E21E285A0D00D06555 /* Assets.xcassets in Resources */,
				D5AFA7E01E285A0D00D06555 /* Main.storyboard in Resources */,
			);
			runOnlyForDeploymentPostprocessing = 0;
		};
		D5AFA7E91E285A0E00D06555 /* Resources */ = {
			isa = PBXResourcesBuildPhase;
			buildActionMask = 2147483647;
			files = (
			);
			runOnlyForDeploymentPostprocessing = 0;
		};
		D5AFA7F41E285A0E00D06555 /* Resources */ = {
			isa = PBXResourcesBuildPhase;
			buildActionMask = 2147483647;
			files = (
			);
			runOnlyForDeploymentPostprocessing = 0;
		};
/* End PBXResourcesBuildPhase section */

/* Begin PBXSourcesBuildPhase section */
		D5AFA7CE1E285A0D00D06555 /* Sources */ = {
			isa = PBXSourcesBuildPhase;
			buildActionMask = 2147483647;
			files = (
				D5AFA7DD1E285A0D00D06555 /* ViewController.m in Sources */,
				D5AFA7DA1E285A0D00D06555 /* AppDelegate.m in Sources */,
				D5AFA7D71E285A0D00D06555 /* main.m in Sources */,
			);
			runOnlyForDeploymentPostprocessing = 0;
		};
		D5AFA7E71E285A0E00D06555 /* Sources */ = {
			isa = PBXSourcesBuildPhase;
			buildActionMask = 2147483647;
			files = (
				D5AFA7F01E285A0E00D06555 /* ex2_4_1Tests.m in Sources */,
			);
			runOnlyForDeploymentPostprocessing = 0;
		};
		D5AFA7F21E285A0E00D06555 /* Sources */ = {
			isa = PBXSourcesBuildPhase;
			buildActionMask = 2147483647;
			files = (
				D5AFA7FB1E285A0E00D06555 /* ex2_4_1UITests.m in Sources */,
			);
			runOnlyForDeploymentPostprocessing = 0;
		};
/* End PBXSourcesBuildPhase section */

/* Begin PBXTargetDependency section */
		D5AFA7ED1E285A0E00D06555 /* PBXTargetDependency */ = {
			isa = PBXTargetDependency;
			target = D5AFA7D11E285A0D00D06555 /* ex2-4-1 */;
			targetProxy = D5AFA7EC1E285A0E00D06555 /* PBXContainerItemProxy */;
		};
		D5AFA7F81E285A0E00D06555 /* PBXTargetDependency */ = {
			isa = PBXTargetDependency;
			target = D5AFA7D11E285A0D00D06555 /* ex2-4-1 */;
			targetProxy = D5AFA7F71E285A0E00D06555 /* PBXContainerItemProxy */;
		};
/* End PBXTargetDependency section */

/* Begin PBXVariantGroup section */
		D5AFA7DE1E285A0D00D06555 /* Main.storyboard */ = {
			isa = PBXVariantGroup;
			children = (
				D5AFA7DF1E285A0D00D06555 /* Base */,
			);
			name = Main.storyboard;
			sourceTree = "<group>";
		};
		D5AFA7E31E285A0D00D06555 /* LaunchScreen.storyboard */ = {
			isa = PBXVariantGroup;
			children = (
				D5AFA7E41E285A0D00D06555 /* Base */,
			);
			name = LaunchScreen.storyboard;
			sourceTree = "<group>";
		};
/* End PBXVariantGroup section */

/* Begin XCBuildConfiguration section */
		D5AFA7FD1E285A0E00D06555 /* Debug */ = {
			isa = XCBuildConfiguration;
			buildSettings = {
				ALWAYS_SEARCH_USER_PATHS = NO;
				CLANG_ANALYZER_NONNULL = YES;
				CLANG_CXX_LANGUAGE_STANDARD = "gnu++0x";
				CLANG_CXX_LIBRARY = "libc++";
				CLANG_ENABLE_MODULES = YES;
				CLANG_ENABLE_OBJC_ARC = YES;
				CLANG_WARN_BOOL_CONVERSION = YES;
				CLANG_WARN_CONSTANT_CONVERSION = YES;
				CLANG_WARN_DIRECT_OBJC_ISA_USAGE = YES_ERROR;
				CLANG_WARN_EMPTY_BODY = YES;
				CLANG_WARN_ENUM_CONVERSION = YES;
				CLANG_WARN_INT_CONVERSION = YES;
				CLANG_WARN_OBJC_ROOT_CLASS = YES_ERROR;
				CLANG_WARN_UNREACHABLE_CODE = YES;
				CLANG_WARN__DUPLICATE_METHOD_MATCH = YES;
				"CODE_SIGN_IDENTITY[sdk=iphoneos*]" = "iPhone Developer";
				COPY_PHASE_STRIP = NO;
				DEBUG_INFORMATION_FORMAT = dwarf;
				ENABLE_STRICT_OBJC_MSGSEND = YES;
				ENABLE_TESTABILITY = YES;
				GCC_C_LANGUAGE_STANDARD = gnu99;
				GCC_DYNAMIC_NO_PIC = NO;
				GCC_NO_COMMON_BLOCKS = YES;
				GCC_OPTIMIZATION_LEVEL = 0;
				GCC_PREPROCESSOR_DEFINITIONS = (
					"DEBUG=1",
					"$(inherited)",
				);
				GCC_WARN_64_TO_32_BIT_CONVERSION = YES;
				GCC_WARN_ABOUT_RETURN_TYPE = YES_ERROR;
				GCC_WARN_UNDECLARED_SELECTOR = YES;
				GCC_WARN_UNINITIALIZED_AUTOS = YES_AGGRESSIVE;
				GCC_WARN_UNUSED_FUNCTION = YES;
				GCC_WARN_UNUSED_VARIABLE = YES;
				IPHONEOS_DEPLOYMENT_TARGET = 9.3;
				MTL_ENABLE_DEBUG_INFO = YES;
				ONLY_ACTIVE_ARCH = YES;
				SDKROOT = iphoneos;
				TARGETED_DEVICE_FAMILY = "1,2";
			};
			name = Debug;
		};
		D5AFA7FE1E285A0E00D06555 /* Release */ = {
			isa = XCBuildConfiguration;
			buildSettings = {
				ALWAYS_SEARCH_USER_PATHS = NO;
				CLANG_ANALYZER_NONNULL = YES;
				CLANG_CXX_LANGUAGE_STANDARD = "gnu++0x";
				CLANG_CXX_LIBRARY = "libc++";
				CLANG_ENABLE_MODULES = YES;
				CLANG_ENABLE_OBJC_ARC = YES;
				CLANG_WARN_BOOL_CONVERSION = YES;
				CLANG_WARN_CONSTANT_CONVERSION = YES;
				CLANG_WARN_DIRECT_OBJC_ISA_USAGE = YES_ERROR;
				CLANG_WARN_EMPTY_BODY = YES;
				CLANG_WARN_ENUM_CONVERSION = YES;
				CLANG_WARN_INT_CONVERSION = YES;
				CLANG_WARN_OBJC_ROOT_CLASS = YES_ERROR;
				CLANG_WARN_UNREACHABLE_CODE = YES;
				CLANG_WARN__DUPLICATE_METHOD_MATCH = YES;
				"CODE_SIGN_IDENTITY[sdk=iphoneos*]" = "iPhone Developer";
				COPY_PHASE_STRIP = NO;
				DEBUG_INFORMATION_FORMAT = "dwarf-with-dsym";
				ENABLE_NS_ASSERTIONS = NO;
				ENABLE_STRICT_OBJC_MSGSEND = YES;
				GCC_C_LANGUAGE_STANDARD = gnu99;
				GCC_NO_COMMON_BLOCKS = YES;
				GCC_WARN_64_TO_32_BIT_CONVERSION = YES;
				GCC_WARN_ABOUT_RETURN_TYPE = YES_ERROR;
				GCC_WARN_UNDECLARED_SELECTOR = YES;
				GCC_WARN_UNINITIALIZED_AUTOS = YES_AGGRESSIVE;
				GCC_WARN_UNUSED_FUNCTION = YES;
				GCC_WARN_UNUSED_VARIABLE = YES;
				IPHONEOS_DEPLOYMENT_TARGET = 9.3;
				MTL_ENABLE_DEBUG_INFO = NO;
				SDKROOT = iphoneos;
				TARGETED_DEVICE_FAMILY = "1,2";
				VALIDATE_PRODUCT = YES;
			};
			name = Release;
		};
		D5AFA8001E285A0E00D06555 /* Debug */ = {
			isa = XCBuildConfiguration;
			buildSettings = {
				ASSETCATALOG_COMPILER_APPICON_NAME = AppIcon;
				INFOPLIST_FILE = "ex2-4-1/Info.plist";
				LD_RUNPATH_SEARCH_PATHS = "$(inherited) @executable_path/Frameworks";
				PRODUCT_BUNDLE_IDENTIFIER = "com.example.ex2-4-1";
				PRODUCT_NAME = "$(TARGET_NAME)";
			};
			name = Debug;
		};
		D5AFA8011E285A0E00D06555 /* Release */ = {
			isa = XCBuildConfiguration;
			buildSettings = {
				ASSETCATALOG_COMPILER_APPICON_NAME = AppIcon;
				INFOPLIST_FILE = "ex2-4-1/Info.plist";
				LD_RUNPATH_SEARCH_PATHS = "$(inherited) @executable_path/Frameworks";
				PRODUCT_BUNDLE_IDENTIFIER = "com.example.ex2-4-1";
				PRODUCT_NAME = "$(TARGET_NAME)";
			};
			name = Release;
		};
		D5AFA8031E285A0E00D06555 /* Debug */ = {
			isa = XCBuildConfiguration;
			buildSettings = {
				BUNDLE_LOADER = "$(TEST_HOST)";
				INFOPLIST_FILE = "ex2-4-1Tests/Info.plist";
				LD_RUNPATH_SEARCH_PATHS = "$(inherited) @executable_path/Frameworks @loader_path/Frameworks";
				PRODUCT_BUNDLE_IDENTIFIER = "com.example.ex2-4-1Tests";
				PRODUCT_NAME = "$(TARGET_NAME)";
				TEST_HOST = "$(BUILT_PRODUCTS_DIR)/ex2-4-1.app/ex2-4-1";
			};
			name = Debug;
		};
		D5AFA8041E285A0E00D06555 /* Release */ = {
			isa = XCBuildConfiguration;
			buildSettings = {
				BUNDLE_LOADER = "$(TEST_HOST)";
				INFOPLIST_FILE = "ex2-4-1Tests/Info.plist";
				LD_RUNPATH_SEARCH_PATHS = "$(inherited) @executable_path/Frameworks @loader_path/Frameworks";
				PRODUCT_BUNDLE_IDENTIFIER = "com.example.ex2-4-1Tests";
				PRODUCT_NAME = "$(TARGET_NAME)";
				TEST_HOST = "$(BUILT_PRODUCTS_DIR)/ex2-4-1.app/ex2-4-1";
			};
			name = Release;
		};
		D5AFA8061E285A0E00D06555 /* Debug */ = {
			isa = XCBuildConfiguration;
			buildSettings = {
				INFOPLIST_FILE = "ex2-4-1UITests/Info.plist";
				LD_RUNPATH_SEARCH_PATHS = "$(inherited) @executable_path/Frameworks @loader_path/Frameworks";
				PRODUCT_BUNDLE_IDENTIFIER = "com.example.ex2-4-1UITests";
				PRODUCT_NAME = "$(TARGET_NAME)";
				TEST_TARGET_NAME = "ex2-4-1";
			};
			name = Debug;
		};
		D5AFA8071E285A0E00D06555 /* Release */ = {
			isa = XCBuildConfiguration;
			buildSettings = {
				INFOPLIST_FILE = "ex2-4-1UITests/Info.plist";
				LD_RUNPATH_SEARCH_PATHS = "$(inherited) @executable_path/Frameworks @loader_path/Frameworks";
				PRODUCT_BUNDLE_IDENTIFIER = "com.example.ex2-4-1UITests";
				PRODUCT_NAME = "$(TARGET_NAME)";
				TEST_TARGET_NAME = "ex2-4-1";
			};
			name = Release;
		};
/* End XCBuildConfiguration section */

/* Begin XCConfigurationList section */
		D5AFA7CD1E285A0D00D06555 /* Build configuration list for PBXProject "ex2-4-1" */ = {
			isa = XCConfigurationList;
			buildConfigurations = (
				D5AFA7FD1E285A0E00D06555 /* Debug */,
				D5AFA7FE1E285A0E00D06555 /* Release */,
			);
			defaultConfigurationIsVisible = 0;
			defaultConfigurationName = Release;
		};
		D5AFA7FF1E285A0E00D06555 /* Build configuration list for PBXNativeTarget "ex2-4-1" */ = {
			isa = XCConfigurationList;
			buildConfigurations = (
				D5AFA8001E285A0E00D06555 /* Debug */,
				D5AFA8011E285A0E00D06555 /* Release */,
			);
			defaultConfigurationIsVisible = 0;
		};
		D5AFA8021E285A0E00D06555 /* Build configuration list for PBXNativeTarget "ex2-4-1Tests" */ = {
			isa = XCConfigurationList;
			buildConfigurations = (
				D5AFA8031E285A0E00D06555 /* Debug */,
				D5AFA8041E285A0E00D06555 /* Release */,
			);
			defaultConfigurationIsVisible = 0;
		};
		D5AFA8051E285A0E00D06555 /* Build configuration list for PBXNativeTarget "ex2-4-1UITests" */ = {
			isa = XCConfigurationList;
			buildConfigurations = (
				D5AFA8061E285A0E00D06555 /* Debug */,
				D5AFA8071E285A0E00D06555 /* Release */,
			);
			defaultConfigurationIsVisible = 0;
		};
/* End XCConfigurationList section */
	};
	rootObject = D5AFA7CA1E285A0D00D06555 /* Project object */;
}
